// !$*UTF8*$!
{
	archiveVersion = 1;
	classes = {
	};
	objectVersion = 46;
	objects = {

/* Begin PBXBuildFile section */
		ACB0C9401F1E6D90003F34EE /* jokes.json in Resources */ = {isa = PBXBuildFile; fileRef = ACB0C93F1F1E6D90003F34EE /* jokes.json */; };
		ACEEA9631F1E5FA600BCF905 /* AppDelegate.swift in Sources */ = {isa = PBXBuildFile; fileRef = ACEEA9621F1E5FA600BCF905 /* AppDelegate.swift */; };
		ACEEA9651F1E5FA600BCF905 /* MainViewController.swift in Sources */ = {isa = PBXBuildFile; fileRef = ACEEA9641F1E5FA600BCF905 /* MainViewController.swift */; };
		ACEEA9681F1E5FA600BCF905 /* Main.storyboard in Resources */ = {isa = PBXBuildFile; fileRef = ACEEA9661F1E5FA600BCF905 /* Main.storyboard */; };
		ACEEA96A1F1E5FA600BCF905 /* Assets.xcassets in Resources */ = {isa = PBXBuildFile; fileRef = ACEEA9691F1E5FA600BCF905 /* Assets.xcassets */; };
		ACEEA96D1F1E5FA600BCF905 /* LaunchScreen.storyboard in Resources */ = {isa = PBXBuildFile; fileRef = ACEEA96B1F1E5FA600BCF905 /* LaunchScreen.storyboard */; };
/* End PBXBuildFile section */

/* Begin PBXFileReference section */
		ACB0C93F1F1E6D90003F34EE /* jokes.json */ = {isa = PBXFileReference; fileEncoding = 4; lastKnownFileType = text.json; path = jokes.json; sourceTree = "<group>"; };
		ACEEA95F1F1E5FA600BCF905 /* BadJokes.app */ = {isa = PBXFileReference; explicitFileType = wrapper.application; includeInIndex = 0; path = BadJokes.app; sourceTree = BUILT_PRODUCTS_DIR; };
		ACEEA9621F1E5FA600BCF905 /* AppDelegate.swift */ = {isa = PBXFileReference; lastKnownFileType = sourcecode.swift; path = AppDelegate.swift; sourceTree = "<group>"; };
		ACEEA9641F1E5FA600BCF905 /* MainViewController.swift */ = {isa = PBXFileReference; lastKnownFileType = sourcecode.swift; path = MainViewController.swift; sourceTree = "<group>"; };
		ACEEA9671F1E5FA600BCF905 /* Base */ = {isa = PBXFileReference; lastKnownFileType = file.storyboard; name = Base; path = Base.lproj/Main.storyboard; sourceTree = "<group>"; };
		ACEEA9691F1E5FA600BCF905 /* Assets.xcassets */ = {isa = PBXFileReference; lastKnownFileType = folder.assetcatalog; path = Assets.xcassets; sourceTree = "<group>"; };
		ACEEA96C1F1E5FA600BCF905 /* Base */ = {isa = PBXFileReference; lastKnownFileType = file.storyboard; name = Base; path = Base.lproj/LaunchScreen.storyboard; sourceTree = "<group>"; };
		ACEEA96E1F1E5FA600BCF905 /* Info.plist */ = {isa = PBXFileReference; lastKnownFileType = text.plist.xml; path = Info.plist; sourceTree = "<group>"; };
/* End PBXFileReference section */

/* Begin PBXFrameworksBuildPhase section */
		ACEEA95C1F1E5FA600BCF905 /* Frameworks */ = {
			isa = PBXFrameworksBuildPhase;
			buildActionMask = 2147483647;
			files = (
			);
			runOnlyForDeploymentPostprocessing = 0;
		};
/* End PBXFrameworksBuildPhase section */

/* Begin PBXGroup section */
		ACEEA9561F1E5FA600BCF905 = {
			isa = PBXGroup;
			children = (
				ACEEA9611F1E5FA600BCF905 /* BadJokes */,
				ACEEA9601F1E5FA600BCF905 /* Products */,
			);
			sourceTree = "<group>";
		};
		ACEEA9601F1E5FA600BCF905 /* Products */ = {
			isa = PBXGroup;
			children = (
				ACEEA95F1F1E5FA600BCF905 /* BadJokes.app */,
			);
			name = Products;
			sourceTree = "<group>";
		};
		ACEEA9611F1E5FA600BCF905 /* BadJokes */ = {
			isa = PBXGroup;
			children = (
				ACEEA9641F1E5FA600BCF905 /* MainViewController.swift */,
				ACEEA9621F1E5FA600BCF905 /* AppDelegate.swift */,
				ACEEA9661F1E5FA600BCF905 /* Main.storyboard */,
				ACEEA9691F1E5FA600BCF905 /* Assets.xcassets */,
				ACEEA96B1F1E5FA600BCF905 /* LaunchScreen.storyboard */,
				ACB0C93F1F1E6D90003F34EE /* jokes.json */,
				ACEEA96E1F1E5FA600BCF905 /* Info.plist */,
			);
			path = BadJokes;
			sourceTree = "<group>";
		};
/* End PBXGroup section */

/* Begin PBXNativeTarget section */
		ACEEA95E1F1E5FA600BCF905 /* BadJokes */ = {
			isa = PBXNativeTarget;
			buildConfigurationList = ACEEA9711F1E5FA600BCF905 /* Build configuration list for PBXNativeTarget "BadJokes" */;
			buildPhases = (
				ACEEA95B1F1E5FA600BCF905 /* Sources */,
				ACEEA95C1F1E5FA600BCF905 /* Frameworks */,
				ACEEA95D1F1E5FA600BCF905 /* Resources */,
			);
			buildRules = (
			);
			dependencies = (
			);
			name = BadJokes;
			productName = BadJokes;
			productReference = ACEEA95F1F1E5FA600BCF905 /* BadJokes.app */;
			productType = "com.apple.product-type.application";
		};
/* End PBXNativeTarget section */

/* Begin PBXProject section */
		ACEEA9571F1E5FA600BCF905 /* Project object */ = {
			isa = PBXProject;
			attributes = {
				LastSwiftUpdateCheck = 0830;
				LastUpgradeCheck = 0830;
				ORGANIZATIONNAME = "Horváth Balázs";
				TargetAttributes = {
					ACEEA95E1F1E5FA600BCF905 = {
						CreatedOnToolsVersion = 8.3.3;
						DevelopmentTeam = UW8QF9DSWQ;
						ProvisioningStyle = Automatic;
					};
				};
			};
			buildConfigurationList = ACEEA95A1F1E5FA600BCF905 /* Build configuration list for PBXProject "BadJokes" */;
			compatibilityVersion = "Xcode 3.2";
			developmentRegion = English;
			hasScannedForEncodings = 0;
			knownRegions = (
				en,
				Base,
			);
			mainGroup = ACEEA9561F1E5FA600BCF905;
			productRefGroup = ACEEA9601F1E5FA600BCF905 /* Products */;
			projectDirPath = "";
			projectRoot = "";
			targets = (
				ACEEA95E1F1E5FA600BCF905 /* BadJokes */,
			);
		};
/* End PBXProject section */

/* Begin PBXResourcesBuildPhase section */
		ACEEA95D1F1E5FA600BCF905 /* Resources */ = {
			isa = PBXResourcesBuildPhase;
			buildActionMask = 2147483647;
			files = (
				ACEEA96D1F1E5FA600BCF905 /* LaunchScreen.storyboard in Resources */,
				ACEEA96A1F1E5FA600BCF905 /* Assets.xcassets in Resources */,
				ACB0C9401F1E6D90003F34EE /* jokes.json in Resources */,
				ACEEA9681F1E5FA600BCF905 /* Main.storyboard in Resources */,
			);
			runOnlyForDeploymentPostprocessing = 0;
		};
/* End PBXResourcesBuildPhase section */

/* Begin PBXSourcesBuildPhase section */
		ACEEA95B1F1E5FA600BCF905 /* Sources */ = {
			isa = PBXSourcesBuildPhase;
			buildActionMask = 2147483647;
			files = (
				ACEEA9651F1E5FA600BCF905 /* MainViewController.swift in Sources */,
				ACEEA9631F1E5FA600BCF905 /* AppDelegate.swift in Sources */,
			);
			runOnlyForDeploymentPostprocessing = 0;
		};
/* End PBXSourcesBuildPhase section */

/* Begin PBXVariantGroup section */
		ACEEA9661F1E5FA600BCF905 /* Main.storyboard */ = {
			isa = PBXVariantGroup;
			children = (
				ACEEA9671F1E5FA600BCF905 /* Base */,
			);
			name = Main.storyboard;
			sourceTree = "<group>";
		};
		ACEEA96B1F1E5FA600BCF905 /* LaunchScreen.storyboard */ = {
			isa = PBXVariantGroup;
			children = (
				ACEEA96C1F1E5FA600BCF905 /* Base */,
			);
			name = LaunchScreen.storyboard;
			sourceTree = "<group>";
		};
/* End PBXVariantGroup section */

/* Begin XCBuildConfiguration section */
		ACEEA96F1F1E5FA600BCF905 /* Debug */ = {
			isa = XCBuildConfiguration;
			buildSettings = {
				ALWAYS_SEARCH_USER_PATHS = NO;
				CLANG_ANALYZER_NONNULL = YES;
				CLANG_ANALYZER_NUMBER_OBJECT_CONVERSION = YES_AGGRESSIVE;
				CLANG_CXX_LANGUAGE_STANDARD = "gnu++0x";
				CLANG_CXX_LIBRARY = "libc++";
				CLANG_ENABLE_MODULES = YES;
				CLANG_ENABLE_OBJC_ARC = YES;
				CLANG_WARN_BOOL_CONVERSION = YES;
				CLANG_WARN_CONSTANT_CONVERSION = YES;
				CLANG_WARN_DIRECT_OBJC_ISA_USAGE = YES_ERROR;
				CLANG_WARN_DOCUMENTATION_COMMENTS = YES;
				CLANG_WARN_EMPTY_BODY = YES;
				CLANG_WARN_ENUM_CONVERSION = YES;
				CLANG_WARN_INFINITE_RECURSION = YES;
				CLANG_WARN_INT_CONVERSION = YES;
				CLANG_WARN_OBJC_ROOT_CLASS = YES_ERROR;
				CLANG_WARN_SUSPICIOUS_MOVE = YES;
				CLANG_WARN_UNREACHABLE_CODE = YES;
				CLANG_WARN__DUPLICATE_METHOD_MATCH = YES;
				"CODE_SIGN_IDENTITY[sdk=iphoneos*]" = "iPhone Developer";
				COPY_PHASE_STRIP = NO;
				DEBUG_INFORMATION_FORMAT = dwarf;
				ENABLE_STRICT_OBJC_MSGSEND = YES;
				ENABLE_TESTABILITY = YES;
				GCC_C_LANGUAGE_STANDARD = gnu99;
				GCC_DYNAMIC_NO_PIC = NO;
				GCC_NO_COMMON_BLOCKS = YES;
				GCC_OPTIMIZATION_LEVEL = 0;
				GCC_PREPROCESSOR_DEFINITIONS = (
					"DEBUG=1",
					"$(inherited)",
				);
				GCC_WARN_64_TO_32_BIT_CONVERSION = YES;
				GCC_WARN_ABOUT_RETURN_TYPE = YES_ERROR;
				GCC_WARN_UNDECLARED_SELECTOR = YES;
				GCC_WARN_UNINITIALIZED_AUTOS = YES_AGGRESSIVE;
				GCC_WARN_UNUSED_FUNCTION = YES;
				GCC_WARN_UNUSED_VARIABLE = YES;
				IPHONEOS_DEPLOYMENT_TARGET = 10.3;
				MTL_ENABLE_DEBUG_INFO = YES;
				ONLY_ACTIVE_ARCH = YES;
				SDKROOT = iphoneos;
				SWIFT_ACTIVE_COMPILATION_CONDITIONS = DEBUG;
				SWIFT_OPTIMIZATION_LEVEL = "-Onone";
			};
			name = Debug;
		};
		ACEEA9701F1E5FA600BCF905 /* Release */ = {
			isa = XCBuildConfiguration;
			buildSettings = {
				ALWAYS_SEARCH_USER_PATHS = NO;
				CLANG_ANALYZER_NONNULL = YES;
				CLANG_ANALYZER_NUMBER_OBJECT_CONVERSION = YES_AGGRESSIVE;
				CLANG_CXX_LANGUAGE_STANDARD = "gnu++0x";
				CLANG_CXX_LIBRARY = "libc++";
				CLANG_ENABLE_MODULES = YES;
				CLANG_ENABLE_OBJC_ARC = YES;
				CLANG_WARN_BOOL_CONVERSION = YES;
				CLANG_WARN_CONSTANT_CONVERSION = YES;
				CLANG_WARN_DIRECT_OBJC_ISA_USAGE = YES_ERROR;
				CLANG_WARN_DOCUMENTATION_COMMENTS = YES;
				CLANG_WARN_EMPTY_BODY = YES;
				CLANG_WARN_ENUM_CONVERSION = YES;
				CLANG_WARN_INFINITE_RECURSION = YES;
				CLANG_WARN_INT_CONVERSION = YES;
				CLANG_WARN_OBJC_ROOT_CLASS = YES_ERROR;
				CLANG_WARN_SUSPICIOUS_MOVE = YES;
				CLANG_WARN_UNREACHABLE_CODE = YES;
				CLANG_WARN__DUPLICATE_METHOD_MATCH = YES;
				"CODE_SIGN_IDENTITY[sdk=iphoneos*]" = "iPhone Developer";
				COPY_PHASE_STRIP = NO;
				DEBUG_INFORMATION_FORMAT = "dwarf-with-dsym";
				ENABLE_NS_ASSERTIONS = NO;
				ENABLE_STRICT_OBJC_MSGSEND = YES;
				GCC_C_LANGUAGE_STANDARD = gnu99;
				GCC_NO_COMMON_BLOCKS = YES;
				GCC_WARN_64_TO_32_BIT_CONVERSION = YES;
				GCC_WARN_ABOUT_RETURN_TYPE = YES_ERROR;
				GCC_WARN_UNDECLARED_SELECTOR = YES;
				GCC_WARN_UNINITIALIZED_AUTOS = YES_AGGRESSIVE;
				GCC_WARN_UNUSED_FUNCTION = YES;
				GCC_WARN_UNUSED_VARIABLE = YES;
				IPHONEOS_DEPLOYMENT_TARGET = 10.3;
				MTL_ENABLE_DEBUG_INFO = NO;
				SDKROOT = iphoneos;
				SWIFT_OPTIMIZATION_LEVEL = "-Owholemodule";
				VALIDATE_PRODUCT = YES;
			};
			name = Release;
		};
		ACEEA9721F1E5FA600BCF905 /* Debug */ = {
			isa = XCBuildConfiguration;
			buildSettings = {
				ASSETCATALOG_COMPILER_APPICON_NAME = AppIcon;
				DEVELOPMENT_TEAM = UW8QF9DSWQ;
				INFOPLIST_FILE = BadJokes/Info.plist;
				LD_RUNPATH_SEARCH_PATHS = "$(inherited) @executable_path/Frameworks";
				PRODUCT_BUNDLE_IDENTIFIER = balazs630.BadJokes;
				PRODUCT_NAME = "$(TARGET_NAME)";
				SWIFT_VERSION = 3.0;
			};
			name = Debug;
		};
		ACEEA9731F1E5FA600BCF905 /* Release */ = {
			isa = XCBuildConfiguration;
			buildSettings = {
				ASSETCATALOG_COMPILER_APPICON_NAME = AppIcon;
				DEVELOPMENT_TEAM = UW8QF9DSWQ;
				INFOPLIST_FILE = BadJokes/Info.plist;
				LD_RUNPATH_SEARCH_PATHS = "$(inherited) @executable_path/Frameworks";
				PRODUCT_BUNDLE_IDENTIFIER = balazs630.BadJokes;
				PRODUCT_NAME = "$(TARGET_NAME)";
				SWIFT_VERSION = 3.0;
			};
			name = Release;
		};
/* End XCBuildConfiguration section */

/* Begin XCConfigurationList section */
		ACEEA95A1F1E5FA600BCF905 /* Build configuration list for PBXProject "BadJokes" */ = {
			isa = XCConfigurationList;
			buildConfigurations = (
				ACEEA96F1F1E5FA600BCF905 /* Debug */,
				ACEEA9701F1E5FA600BCF905 /* Release */,
			);
			defaultConfigurationIsVisible = 0;
			defaultConfigurationName = Release;
		};
		ACEEA9711F1E5FA600BCF905 /* Build configuration list for PBXNativeTarget "BadJokes" */ = {
			isa = XCConfigurationList;
			buildConfigurations = (
				ACEEA9721F1E5FA600BCF905 /* Debug */,
				ACEEA9731F1E5FA600BCF905 /* Release */,
			);
			defaultConfigurationIsVisible = 0;
			defaultConfigurationName = Release;
		};
/* End XCConfigurationList section */
	};
	rootObject = ACEEA9571F1E5FA600BCF905 /* Project object */;
}
