// !$*UTF8*$!
{
	archiveVersion = 1;
	classes = {
	};
	objectVersion = 55;
	objects = {

/* Begin PBXBuildFile section */
		3BCED003FFE0CF7812EE66D8 /* Pods_BadJokes.framework in Frameworks */ = {isa = PBXBuildFile; fileRef = 946577951C2F75DE8DA6E042 /* Pods_BadJokes.framework */; };
		AC05B3D722ECF51200CF2711 /* v1.4.sql in Resources */ = {isa = PBXBuildFile; fileRef = AC05B3D622ECF51200CF2711 /* v1.4.sql */; };
		AC05CBD620F0F019009A7A82 /* Schedule.swift in Sources */ = {isa = PBXBuildFile; fileRef = AC05CBD520F0F019009A7A82 /* Schedule.swift */; };
		AC07F8A922ED0FCB00399934 /* UIApplicationExtensions.swift in Sources */ = {isa = PBXBuildFile; fileRef = AC07F8A822ED0FCB00399934 /* UIApplicationExtensions.swift */; };
		AC08EEE01F757BCD000E5B53 /* JokeTableViewCell.swift in Sources */ = {isa = PBXBuildFile; fileRef = AC08EEDF1F757BCD000E5B53 /* JokeTableViewCell.swift */; };
		AC08EEE21F757BEF000E5B53 /* JokeDataSource.swift in Sources */ = {isa = PBXBuildFile; fileRef = AC08EEE11F757BEF000E5B53 /* JokeDataSource.swift */; };
		AC0AF9BD20DC66ED00A52478 /* CopyableLabel.swift in Sources */ = {isa = PBXBuildFile; fileRef = AC0AF9BC20DC66ED00A52478 /* CopyableLabel.swift */; };
		AC0AF9BF20E1769C00A52478 /* DBModel.swift in Sources */ = {isa = PBXBuildFile; fileRef = AC0AF9BE20E1769C00A52478 /* DBModel.swift */; };
		AC100EAC1F548A430069C0DE /* StringExtensions.swift in Sources */ = {isa = PBXBuildFile; fileRef = AC100EAB1F548A430069C0DE /* StringExtensions.swift */; };
		AC128334204B5D3F00FCC19E /* DatePart.swift in Sources */ = {isa = PBXBuildFile; fileRef = AC128333204B5D3F00FCC19E /* DatePart.swift */; };
		AC128336204B5F1600FCC19E /* TimePart.swift in Sources */ = {isa = PBXBuildFile; fileRef = AC128335204B5F1600FCC19E /* TimePart.swift */; };
		AC182C052329830400CF3A4F /* README.md in Resources */ = {isa = PBXBuildFile; fileRef = AC182C042329830400CF3A4F /* README.md */; };
		AC1BAF102059D6740047E376 /* RecurrenceViewController.swift in Sources */ = {isa = PBXBuildFile; fileRef = AC1BAF0F2059D6740047E376 /* RecurrenceViewController.swift */; };
		AC1C1139203F191E00D2370B /* JokeNotificationGenerator.swift in Sources */ = {isa = PBXBuildFile; fileRef = AC1C1138203F191E00D2370B /* JokeNotificationGenerator.swift */; };
		AC237A0421EB4BC8004EEC2C /* StoreReviewTrigger.swift in Sources */ = {isa = PBXBuildFile; fileRef = AC237A0321EB4BC8004EEC2C /* StoreReviewTrigger.swift */; };
		AC237A0621EB4E25004EEC2C /* StoreReviewRule.swift in Sources */ = {isa = PBXBuildFile; fileRef = AC237A0521EB4E25004EEC2C /* StoreReviewRule.swift */; };
		AC2579B120461AAA00C1D904 /* DateUtil.swift in Sources */ = {isa = PBXBuildFile; fileRef = AC2579B020461AAA00C1D904 /* DateUtil.swift */; };
		AC29785820CC80AF00A49689 /* v1.2.sql in Resources */ = {isa = PBXBuildFile; fileRef = AC29785720CC80AF00A49689 /* v1.2.sql */; };
		AC4C1BE923664BB500052A12 /* UIViewControllerExtension.swift in Sources */ = {isa = PBXBuildFile; fileRef = AC4C1BE823664BB500052A12 /* UIViewControllerExtension.swift */; };
		AC4ECEF92714C3E9003A40B2 /* v1.6.sql in Resources */ = {isa = PBXBuildFile; fileRef = AC4ECEF82714C3E9003A40B2 /* v1.6.sql */; };
		AC5A31D1255355E300639EB5 /* UIStoryboardExtensions.swift in Sources */ = {isa = PBXBuildFile; fileRef = AC5A31D0255355E300639EB5 /* UIStoryboardExtensions.swift */; };
		AC674B74214401B6009F8B46 /* v1.3.sql in Resources */ = {isa = PBXBuildFile; fileRef = AC674B73214401B6009F8B46 /* v1.3.sql */; };
		AC6F581C254F962200471BDA /* v1.5.sql in Resources */ = {isa = PBXBuildFile; fileRef = AC6F581B254F962200471BDA /* v1.5.sql */; };
		AC72CAA321E7E659005EBDED /* StoreReviewService.swift in Sources */ = {isa = PBXBuildFile; fileRef = AC72CAA221E7E659005EBDED /* StoreReviewService.swift */; };
		AC7A4E341F51F74700E8F438 /* JokeNotificationService.swift in Sources */ = {isa = PBXBuildFile; fileRef = AC7A4E331F51F74700E8F438 /* JokeNotificationService.swift */; };
		AC88F9E81F2BEA8600ACD4B5 /* PeriodicityViewController.swift in Sources */ = {isa = PBXBuildFile; fileRef = AC88F9E71F2BEA8600ACD4B5 /* PeriodicityViewController.swift */; };
		AC88F9EC1F2BEB2A00ACD4B5 /* TimeRangeViewController.swift in Sources */ = {isa = PBXBuildFile; fileRef = AC88F9EB1F2BEB2A00ACD4B5 /* TimeRangeViewController.swift */; };
		AC96B6AE2555D98E0083CD47 /* WaitingForFirstJokeDetailViewController.swift in Sources */ = {isa = PBXBuildFile; fileRef = AC96B6AD2555D98E0083CD47 /* WaitingForFirstJokeDetailViewController.swift */; };
		AC976E872049B41C00B9C611 /* JokesTableQueries.swift in Sources */ = {isa = PBXBuildFile; fileRef = AC976E862049B41C00B9C611 /* JokesTableQueries.swift */; };
		AC976E892049B48B00B9C611 /* SchedulesTableQueries.swift in Sources */ = {isa = PBXBuildFile; fileRef = AC976E882049B48B00B9C611 /* SchedulesTableQueries.swift */; };
		ACACF6E91F51C93E00F501B1 /* DBService.swift in Sources */ = {isa = PBXBuildFile; fileRef = ACACF6E81F51C93E00F501B1 /* DBService.swift */; };
		ACB5A2931FE7FFA4006DD51E /* JokeReaderViewController.swift in Sources */ = {isa = PBXBuildFile; fileRef = ACB5A2921FE7FFA4006DD51E /* JokeReaderViewController.swift */; };
		ACB7C1E81FDD6106007ED514 /* Constants.swift in Sources */ = {isa = PBXBuildFile; fileRef = ACB7C1E71FDD6106007ED514 /* Constants.swift */; };
		ACBCBB3B2915B1390006CB45 /* v1.7.sql in Resources */ = {isa = PBXBuildFile; fileRef = ACBCBB3A2915B1390006CB45 /* v1.7.sql */; };
		ACBDC24A20EAD26300CDB54F /* UIColorExtensions.swift in Sources */ = {isa = PBXBuildFile; fileRef = ACBDC24920EAD26300CDB54F /* UIColorExtensions.swift */; };
		ACBDC24C20EAD46A00CDB54F /* Settings.storyboard in Resources */ = {isa = PBXBuildFile; fileRef = ACBDC24B20EAD46A00CDB54F /* Settings.storyboard */; };
		ACBF5CBE21961FC500DCE6CC /* LaunchScreen.storyboard in Resources */ = {isa = PBXBuildFile; fileRef = ACBF5CBD21961FC500DCE6CC /* LaunchScreen.storyboard */; };
		ACBF5CC021961FF200DCE6CC /* Jokes.storyboard in Resources */ = {isa = PBXBuildFile; fileRef = ACBF5CBF21961FF200DCE6CC /* Jokes.storyboard */; };
		ACD7E85D20C8763F00A8F105 /* AppUpdateService.swift in Sources */ = {isa = PBXBuildFile; fileRef = ACD7E85C20C8763F00A8F105 /* AppUpdateService.swift */; };
		ACDC5C432555EC62005E86CB /* UIViewExtensions.swift in Sources */ = {isa = PBXBuildFile; fileRef = ACDC5C422555EC62005E86CB /* UIViewExtensions.swift */; };
		ACE076E32551FBE4007B7072 /* WaitingForFirstJokeViewController.swift in Sources */ = {isa = PBXBuildFile; fileRef = ACE076E22551FBE4007B7072 /* WaitingForFirstJokeViewController.swift */; };
		ACE076EE25520A16007B7072 /* NoJokeScheduledViewController.swift in Sources */ = {isa = PBXBuildFile; fileRef = ACE076ED25520A16007B7072 /* NoJokeScheduledViewController.swift */; };
		ACE076FB25533243007B7072 /* WarningTableHeaderView.xib in Resources */ = {isa = PBXBuildFile; fileRef = ACE076FA25533243007B7072 /* WarningTableHeaderView.xib */; };
		ACE076FE2553326E007B7072 /* UINibExtensions.swift in Sources */ = {isa = PBXBuildFile; fileRef = ACE076FD2553326E007B7072 /* UINibExtensions.swift */; };
		ACE689C421484F8B00754221 /* v1.1-base.sql in Resources */ = {isa = PBXBuildFile; fileRef = ACE689C321484F8B00754221 /* v1.1-base.sql */; };
		ACE906B31F22A27200A6A082 /* SettingsViewController.swift in Sources */ = {isa = PBXBuildFile; fileRef = ACE906B21F22A27200A6A082 /* SettingsViewController.swift */; };
		ACECF0A51F60A88F0072367C /* jokesDB.db in Resources */ = {isa = PBXBuildFile; fileRef = ACECF0A41F60A88F0072367C /* jokesDB.db */; };
		ACECF0A71F60AC230072367C /* Joke.swift in Sources */ = {isa = PBXBuildFile; fileRef = ACECF0A61F60AC230072367C /* Joke.swift */; };
		ACEEA9631F1E5FA600BCF905 /* AppDelegate.swift in Sources */ = {isa = PBXBuildFile; fileRef = ACEEA9621F1E5FA600BCF905 /* AppDelegate.swift */; };
		ACEEA9651F1E5FA600BCF905 /* JokeTableViewController.swift in Sources */ = {isa = PBXBuildFile; fileRef = ACEEA9641F1E5FA600BCF905 /* JokeTableViewController.swift */; };
		ACEEA96A1F1E5FA600BCF905 /* Assets.xcassets in Resources */ = {isa = PBXBuildFile; fileRef = ACEEA9691F1E5FA600BCF905 /* Assets.xcassets */; };
		ACF0B9312349E01D005A75A9 /* UITableViewExtensions.swift in Sources */ = {isa = PBXBuildFile; fileRef = ACF0B9302349E01D005A75A9 /* UITableViewExtensions.swift */; };
		ACF0EB9B209A7D9C00467675 /* UserDefaultsExtensions.swift in Sources */ = {isa = PBXBuildFile; fileRef = ACF0EB9A209A7D9C00467675 /* UserDefaultsExtensions.swift */; };
		ACF0EBA1209A7DDB00467675 /* TimeIntervalExtensions.swift in Sources */ = {isa = PBXBuildFile; fileRef = ACF0EBA0209A7DDB00467675 /* TimeIntervalExtensions.swift */; };
		ACF0EBA3209A7DF300467675 /* DateExtensions.swift in Sources */ = {isa = PBXBuildFile; fileRef = ACF0EBA2209A7DF300467675 /* DateExtensions.swift */; };
		ACF0EBA5209A7E0800467675 /* DateComponentExtensions.swift in Sources */ = {isa = PBXBuildFile; fileRef = ACF0EBA4209A7E0800467675 /* DateComponentExtensions.swift */; };
/* End PBXBuildFile section */

/* Begin PBXFileReference section */
		946577951C2F75DE8DA6E042 /* Pods_BadJokes.framework */ = {isa = PBXFileReference; explicitFileType = wrapper.framework; includeInIndex = 0; path = Pods_BadJokes.framework; sourceTree = BUILT_PRODUCTS_DIR; };
		AC05B3D622ECF51200CF2711 /* v1.4.sql */ = {isa = PBXFileReference; fileEncoding = 4; lastKnownFileType = text; path = v1.4.sql; sourceTree = "<group>"; };
		AC05CBD520F0F019009A7A82 /* Schedule.swift */ = {isa = PBXFileReference; fileEncoding = 4; lastKnownFileType = sourcecode.swift; path = Schedule.swift; sourceTree = "<group>"; };
		AC07F8A822ED0FCB00399934 /* UIApplicationExtensions.swift */ = {isa = PBXFileReference; lastKnownFileType = sourcecode.swift; path = UIApplicationExtensions.swift; sourceTree = "<group>"; };
		AC08EEDF1F757BCD000E5B53 /* JokeTableViewCell.swift */ = {isa = PBXFileReference; lastKnownFileType = sourcecode.swift; path = JokeTableViewCell.swift; sourceTree = "<group>"; };
		AC08EEE11F757BEF000E5B53 /* JokeDataSource.swift */ = {isa = PBXFileReference; lastKnownFileType = sourcecode.swift; path = JokeDataSource.swift; sourceTree = "<group>"; };
		AC0AF9BC20DC66ED00A52478 /* CopyableLabel.swift */ = {isa = PBXFileReference; lastKnownFileType = sourcecode.swift; path = CopyableLabel.swift; sourceTree = "<group>"; };
		AC0AF9BE20E1769C00A52478 /* DBModel.swift */ = {isa = PBXFileReference; lastKnownFileType = sourcecode.swift; path = DBModel.swift; sourceTree = "<group>"; };
		AC100EAB1F548A430069C0DE /* StringExtensions.swift */ = {isa = PBXFileReference; fileEncoding = 4; lastKnownFileType = sourcecode.swift; path = StringExtensions.swift; sourceTree = "<group>"; };
		AC128333204B5D3F00FCC19E /* DatePart.swift */ = {isa = PBXFileReference; lastKnownFileType = sourcecode.swift; path = DatePart.swift; sourceTree = "<group>"; };
		AC128335204B5F1600FCC19E /* TimePart.swift */ = {isa = PBXFileReference; fileEncoding = 4; lastKnownFileType = sourcecode.swift; path = TimePart.swift; sourceTree = "<group>"; };
		AC182C042329830400CF3A4F /* README.md */ = {isa = PBXFileReference; fileEncoding = 4; lastKnownFileType = net.daringfireball.markdown; path = README.md; sourceTree = SOURCE_ROOT; };
		AC1BAF0F2059D6740047E376 /* RecurrenceViewController.swift */ = {isa = PBXFileReference; fileEncoding = 4; lastKnownFileType = sourcecode.swift; path = RecurrenceViewController.swift; sourceTree = "<group>"; };
		AC1C1138203F191E00D2370B /* JokeNotificationGenerator.swift */ = {isa = PBXFileReference; lastKnownFileType = sourcecode.swift; path = JokeNotificationGenerator.swift; sourceTree = "<group>"; };
		AC237A0321EB4BC8004EEC2C /* StoreReviewTrigger.swift */ = {isa = PBXFileReference; lastKnownFileType = sourcecode.swift; path = StoreReviewTrigger.swift; sourceTree = "<group>"; };
		AC237A0521EB4E25004EEC2C /* StoreReviewRule.swift */ = {isa = PBXFileReference; lastKnownFileType = sourcecode.swift; path = StoreReviewRule.swift; sourceTree = "<group>"; };
		AC2579B020461AAA00C1D904 /* DateUtil.swift */ = {isa = PBXFileReference; lastKnownFileType = sourcecode.swift; path = DateUtil.swift; sourceTree = "<group>"; };
		AC29785720CC80AF00A49689 /* v1.2.sql */ = {isa = PBXFileReference; fileEncoding = 4; lastKnownFileType = text; path = v1.2.sql; sourceTree = "<group>"; };
		AC4C1BE823664BB500052A12 /* UIViewControllerExtension.swift */ = {isa = PBXFileReference; lastKnownFileType = sourcecode.swift; path = UIViewControllerExtension.swift; sourceTree = "<group>"; };
		AC4ECEF82714C3E9003A40B2 /* v1.6.sql */ = {isa = PBXFileReference; fileEncoding = 4; lastKnownFileType = text; path = v1.6.sql; sourceTree = "<group>"; };
		AC5A31D0255355E300639EB5 /* UIStoryboardExtensions.swift */ = {isa = PBXFileReference; lastKnownFileType = sourcecode.swift; path = UIStoryboardExtensions.swift; sourceTree = "<group>"; };
		AC674B73214401B6009F8B46 /* v1.3.sql */ = {isa = PBXFileReference; fileEncoding = 4; lastKnownFileType = text; path = v1.3.sql; sourceTree = "<group>"; };
		AC6F581B254F962200471BDA /* v1.5.sql */ = {isa = PBXFileReference; fileEncoding = 4; lastKnownFileType = text; path = v1.5.sql; sourceTree = "<group>"; };
		AC72CAA221E7E659005EBDED /* StoreReviewService.swift */ = {isa = PBXFileReference; lastKnownFileType = sourcecode.swift; path = StoreReviewService.swift; sourceTree = "<group>"; };
		AC7A4E331F51F74700E8F438 /* JokeNotificationService.swift */ = {isa = PBXFileReference; fileEncoding = 4; lastKnownFileType = sourcecode.swift; path = JokeNotificationService.swift; sourceTree = "<group>"; };
		AC88F9E71F2BEA8600ACD4B5 /* PeriodicityViewController.swift */ = {isa = PBXFileReference; fileEncoding = 4; lastKnownFileType = sourcecode.swift; path = PeriodicityViewController.swift; sourceTree = "<group>"; };
		AC88F9EB1F2BEB2A00ACD4B5 /* TimeRangeViewController.swift */ = {isa = PBXFileReference; fileEncoding = 4; lastKnownFileType = sourcecode.swift; path = TimeRangeViewController.swift; sourceTree = "<group>"; };
		AC96B6AD2555D98E0083CD47 /* WaitingForFirstJokeDetailViewController.swift */ = {isa = PBXFileReference; lastKnownFileType = sourcecode.swift; path = WaitingForFirstJokeDetailViewController.swift; sourceTree = "<group>"; };
		AC976E862049B41C00B9C611 /* JokesTableQueries.swift */ = {isa = PBXFileReference; lastKnownFileType = sourcecode.swift; path = JokesTableQueries.swift; sourceTree = "<group>"; };
		AC976E882049B48B00B9C611 /* SchedulesTableQueries.swift */ = {isa = PBXFileReference; lastKnownFileType = sourcecode.swift; path = SchedulesTableQueries.swift; sourceTree = "<group>"; };
		ACACF6E81F51C93E00F501B1 /* DBService.swift */ = {isa = PBXFileReference; fileEncoding = 4; lastKnownFileType = sourcecode.swift; path = DBService.swift; sourceTree = "<group>"; };
		ACB5A2921FE7FFA4006DD51E /* JokeReaderViewController.swift */ = {isa = PBXFileReference; lastKnownFileType = sourcecode.swift; path = JokeReaderViewController.swift; sourceTree = "<group>"; };
		ACB7C1E71FDD6106007ED514 /* Constants.swift */ = {isa = PBXFileReference; lastKnownFileType = sourcecode.swift; path = Constants.swift; sourceTree = "<group>"; };
		ACBCBB3A2915B1390006CB45 /* v1.7.sql */ = {isa = PBXFileReference; fileEncoding = 4; lastKnownFileType = text; path = v1.7.sql; sourceTree = "<group>"; };
		ACBDC24920EAD26300CDB54F /* UIColorExtensions.swift */ = {isa = PBXFileReference; fileEncoding = 4; lastKnownFileType = sourcecode.swift; path = UIColorExtensions.swift; sourceTree = "<group>"; };
		ACBDC24B20EAD46A00CDB54F /* Settings.storyboard */ = {isa = PBXFileReference; lastKnownFileType = file.storyboard; path = Settings.storyboard; sourceTree = "<group>"; };
		ACBF5CBD21961FC500DCE6CC /* LaunchScreen.storyboard */ = {isa = PBXFileReference; lastKnownFileType = file.storyboard; path = LaunchScreen.storyboard; sourceTree = "<group>"; };
		ACBF5CBF21961FF200DCE6CC /* Jokes.storyboard */ = {isa = PBXFileReference; lastKnownFileType = file.storyboard; path = Jokes.storyboard; sourceTree = "<group>"; };
		ACD7E85C20C8763F00A8F105 /* AppUpdateService.swift */ = {isa = PBXFileReference; lastKnownFileType = sourcecode.swift; path = AppUpdateService.swift; sourceTree = "<group>"; };
		ACDC5C422555EC62005E86CB /* UIViewExtensions.swift */ = {isa = PBXFileReference; lastKnownFileType = sourcecode.swift; path = UIViewExtensions.swift; sourceTree = "<group>"; };
		ACE076E22551FBE4007B7072 /* WaitingForFirstJokeViewController.swift */ = {isa = PBXFileReference; lastKnownFileType = sourcecode.swift; path = WaitingForFirstJokeViewController.swift; sourceTree = "<group>"; };
		ACE076ED25520A16007B7072 /* NoJokeScheduledViewController.swift */ = {isa = PBXFileReference; lastKnownFileType = sourcecode.swift; path = NoJokeScheduledViewController.swift; sourceTree = "<group>"; };
		ACE076FA25533243007B7072 /* WarningTableHeaderView.xib */ = {isa = PBXFileReference; fileEncoding = 4; lastKnownFileType = file.xib; path = WarningTableHeaderView.xib; sourceTree = "<group>"; };
		ACE076FD2553326E007B7072 /* UINibExtensions.swift */ = {isa = PBXFileReference; fileEncoding = 4; lastKnownFileType = sourcecode.swift; path = UINibExtensions.swift; sourceTree = "<group>"; };
		ACE689C321484F8B00754221 /* v1.1-base.sql */ = {isa = PBXFileReference; fileEncoding = 4; lastKnownFileType = text; path = "v1.1-base.sql"; sourceTree = "<group>"; };
		ACE906B21F22A27200A6A082 /* SettingsViewController.swift */ = {isa = PBXFileReference; fileEncoding = 4; lastKnownFileType = sourcecode.swift; path = SettingsViewController.swift; sourceTree = "<group>"; };
		ACECF0A21F60A47E0072367C /* libsqlite3.0.tbd */ = {isa = PBXFileReference; lastKnownFileType = "sourcecode.text-based-dylib-definition"; name = libsqlite3.0.tbd; path = usr/lib/libsqlite3.0.tbd; sourceTree = SDKROOT; };
		ACECF0A41F60A88F0072367C /* jokesDB.db */ = {isa = PBXFileReference; lastKnownFileType = file; path = jokesDB.db; sourceTree = "<group>"; };
		ACECF0A61F60AC230072367C /* Joke.swift */ = {isa = PBXFileReference; fileEncoding = 4; lastKnownFileType = sourcecode.swift; path = Joke.swift; sourceTree = "<group>"; };
		ACEEA95F1F1E5FA600BCF905 /* BadJokes.app */ = {isa = PBXFileReference; explicitFileType = wrapper.application; includeInIndex = 0; path = BadJokes.app; sourceTree = BUILT_PRODUCTS_DIR; };
		ACEEA9621F1E5FA600BCF905 /* AppDelegate.swift */ = {isa = PBXFileReference; lastKnownFileType = sourcecode.swift; path = AppDelegate.swift; sourceTree = "<group>"; };
		ACEEA9641F1E5FA600BCF905 /* JokeTableViewController.swift */ = {isa = PBXFileReference; lastKnownFileType = sourcecode.swift; path = JokeTableViewController.swift; sourceTree = "<group>"; };
		ACEEA9691F1E5FA600BCF905 /* Assets.xcassets */ = {isa = PBXFileReference; lastKnownFileType = folder.assetcatalog; path = Assets.xcassets; sourceTree = "<group>"; };
		ACEEA96E1F1E5FA600BCF905 /* Info.plist */ = {isa = PBXFileReference; lastKnownFileType = text.plist.xml; path = Info.plist; sourceTree = "<group>"; };
		ACF0B9302349E01D005A75A9 /* UITableViewExtensions.swift */ = {isa = PBXFileReference; lastKnownFileType = sourcecode.swift; path = UITableViewExtensions.swift; sourceTree = "<group>"; };
		ACF0EB9A209A7D9C00467675 /* UserDefaultsExtensions.swift */ = {isa = PBXFileReference; lastKnownFileType = sourcecode.swift; path = UserDefaultsExtensions.swift; sourceTree = "<group>"; };
		ACF0EBA0209A7DDB00467675 /* TimeIntervalExtensions.swift */ = {isa = PBXFileReference; lastKnownFileType = sourcecode.swift; path = TimeIntervalExtensions.swift; sourceTree = "<group>"; };
		ACF0EBA2209A7DF300467675 /* DateExtensions.swift */ = {isa = PBXFileReference; lastKnownFileType = sourcecode.swift; path = DateExtensions.swift; sourceTree = "<group>"; };
		ACF0EBA4209A7E0800467675 /* DateComponentExtensions.swift */ = {isa = PBXFileReference; lastKnownFileType = sourcecode.swift; path = DateComponentExtensions.swift; sourceTree = "<group>"; };
		C3ED8405DEE9AC1E96F6B644 /* Pods-BadJokes.debug.xcconfig */ = {isa = PBXFileReference; includeInIndex = 1; lastKnownFileType = text.xcconfig; name = "Pods-BadJokes.debug.xcconfig"; path = "Pods/Target Support Files/Pods-BadJokes/Pods-BadJokes.debug.xcconfig"; sourceTree = "<group>"; };
		FCE01A74ADE163D939CEB1C5 /* Pods-BadJokes.release.xcconfig */ = {isa = PBXFileReference; includeInIndex = 1; lastKnownFileType = text.xcconfig; name = "Pods-BadJokes.release.xcconfig"; path = "Pods/Target Support Files/Pods-BadJokes/Pods-BadJokes.release.xcconfig"; sourceTree = "<group>"; };
/* End PBXFileReference section */

/* Begin PBXFrameworksBuildPhase section */
		ACEEA95C1F1E5FA600BCF905 /* Frameworks */ = {
			isa = PBXFrameworksBuildPhase;
			buildActionMask = 2147483647;
			files = (
				3BCED003FFE0CF7812EE66D8 /* Pods_BadJokes.framework in Frameworks */,
			);
			runOnlyForDeploymentPostprocessing = 0;
		};
/* End PBXFrameworksBuildPhase section */

/* Begin PBXGroup section */
		21E039D2A8BF97C8BFD7610D /* Pods */ = {
			isa = PBXGroup;
			children = (
				C3ED8405DEE9AC1E96F6B644 /* Pods-BadJokes.debug.xcconfig */,
				FCE01A74ADE163D939CEB1C5 /* Pods-BadJokes.release.xcconfig */,
			);
			name = Pods;
			sourceTree = "<group>";
		};
		AC05CBD720F0F041009A7A82 /* Services */ = {
			isa = PBXGroup;
			children = (
				ACACF6E81F51C93E00F501B1 /* DBService.swift */,
				ACD7E85C20C8763F00A8F105 /* AppUpdateService.swift */,
			);
			path = Services;
			sourceTree = "<group>";
		};
		AC05CBD820F0F04B009A7A82 /* Model */ = {
			isa = PBXGroup;
			children = (
				AC0AF9BE20E1769C00A52478 /* DBModel.swift */,
			);
			path = Model;
			sourceTree = "<group>";
		};
		AC05CBD920F0F0E8009A7A82 /* UI */ = {
			isa = PBXGroup;
			children = (
				ACBF5CBF21961FF200DCE6CC /* Jokes.storyboard */,
				ACE076ED25520A16007B7072 /* NoJokeScheduledViewController.swift */,
				ACE076E22551FBE4007B7072 /* WaitingForFirstJokeViewController.swift */,
				AC96B6AD2555D98E0083CD47 /* WaitingForFirstJokeDetailViewController.swift */,
			);
			path = UI;
			sourceTree = "<group>";
		};
		AC05CBDA20F0F0F2009A7A82 /* UI */ = {
			isa = PBXGroup;
			children = (
				ACBDC24B20EAD46A00CDB54F /* Settings.storyboard */,
				ACE076FA25533243007B7072 /* WarningTableHeaderView.xib */,
			);
			path = UI;
			sourceTree = "<group>";
		};
		AC29785620CC807100A49689 /* Migration Scripts */ = {
			isa = PBXGroup;
			children = (
				ACE689C321484F8B00754221 /* v1.1-base.sql */,
				AC29785720CC80AF00A49689 /* v1.2.sql */,
				AC674B73214401B6009F8B46 /* v1.3.sql */,
				AC05B3D622ECF51200CF2711 /* v1.4.sql */,
				AC6F581B254F962200471BDA /* v1.5.sql */,
				AC4ECEF82714C3E9003A40B2 /* v1.6.sql */,
				ACBCBB3A2915B1390006CB45 /* v1.7.sql */,
			);
			path = "Migration Scripts";
			sourceTree = "<group>";
		};
		AC72CAA121E7E639005EBDED /* Store Ratings */ = {
			isa = PBXGroup;
			children = (
				AC72CAA221E7E659005EBDED /* StoreReviewService.swift */,
				AC237A0321EB4BC8004EEC2C /* StoreReviewTrigger.swift */,
				AC237A0521EB4E25004EEC2C /* StoreReviewRule.swift */,
			);
			path = "Store Ratings";
			sourceTree = "<group>";
		};
		ACBDC24D20EC050400CDB54F /* Custom Types */ = {
			isa = PBXGroup;
			children = (
				AC128333204B5D3F00FCC19E /* DatePart.swift */,
				AC128335204B5F1600FCC19E /* TimePart.swift */,
				AC0AF9BC20DC66ED00A52478 /* CopyableLabel.swift */,
			);
			path = "Custom Types";
			sourceTree = "<group>";
		};
		ACECF0A11F60A47E0072367C /* Frameworks */ = {
			isa = PBXGroup;
			children = (
				ACECF0A21F60A47E0072367C /* libsqlite3.0.tbd */,
				946577951C2F75DE8DA6E042 /* Pods_BadJokes.framework */,
			);
			name = Frameworks;
			sourceTree = "<group>";
		};
		ACEEA9561F1E5FA600BCF905 = {
			isa = PBXGroup;
			children = (
				ACEEA9611F1E5FA600BCF905 /* BadJokes */,
				ACEEA9601F1E5FA600BCF905 /* Products */,
				ACECF0A11F60A47E0072367C /* Frameworks */,
				21E039D2A8BF97C8BFD7610D /* Pods */,
			);
			sourceTree = "<group>";
		};
		ACEEA9601F1E5FA600BCF905 /* Products */ = {
			isa = PBXGroup;
			children = (
				ACEEA95F1F1E5FA600BCF905 /* BadJokes.app */,
			);
			name = Products;
			sourceTree = "<group>";
		};
		ACEEA9611F1E5FA600BCF905 /* BadJokes */ = {
			isa = PBXGroup;
			children = (
				ACEEA9621F1E5FA600BCF905 /* AppDelegate.swift */,
				ACB7C1E71FDD6106007ED514 /* Constants.swift */,
				ACBF5CBD21961FC500DCE6CC /* LaunchScreen.storyboard */,
				ACF0EBAB209A7F2100467675 /* App Flow */,
				ACF0EBAA209A7E9E00467675 /* Model */,
				ACF0EBA7209A7E6400467675 /* Storage */,
				ACF0EBA6209A7E1E00467675 /* Local Notifications */,
				AC72CAA121E7E639005EBDED /* Store Ratings */,
				ACBDC24D20EC050400CDB54F /* Custom Types */,
				ACF0EB99209A7D6600467675 /* Extensions */,
				ACF0EB98209A7D1600467675 /* Resources */,
				ACF0EB96209A7CA000467675 /* Supporting Files */,
			);
			path = BadJokes;
			sourceTree = "<group>";
		};
		ACF0EB96209A7CA000467675 /* Supporting Files */ = {
			isa = PBXGroup;
			children = (
				ACEEA96E1F1E5FA600BCF905 /* Info.plist */,
				AC182C042329830400CF3A4F /* README.md */,
			);
			path = "Supporting Files";
			sourceTree = "<group>";
		};
		ACF0EB98209A7D1600467675 /* Resources */ = {
			isa = PBXGroup;
			children = (
				ACEEA9691F1E5FA600BCF905 /* Assets.xcassets */,
			);
			path = Resources;
			sourceTree = "<group>";
		};
		ACF0EB99209A7D6600467675 /* Extensions */ = {
			isa = PBXGroup;
			children = (
				ACF0EBA4209A7E0800467675 /* DateComponentExtensions.swift */,
				ACF0EBA2209A7DF300467675 /* DateExtensions.swift */,
				AC100EAB1F548A430069C0DE /* StringExtensions.swift */,
				ACF0EBA0209A7DDB00467675 /* TimeIntervalExtensions.swift */,
				AC07F8A822ED0FCB00399934 /* UIApplicationExtensions.swift */,
				ACBDC24920EAD26300CDB54F /* UIColorExtensions.swift */,
				AC5A31D0255355E300639EB5 /* UIStoryboardExtensions.swift */,
				ACE076FD2553326E007B7072 /* UINibExtensions.swift */,
				ACF0B9302349E01D005A75A9 /* UITableViewExtensions.swift */,
				AC4C1BE823664BB500052A12 /* UIViewControllerExtension.swift */,
				ACDC5C422555EC62005E86CB /* UIViewExtensions.swift */,
				ACF0EB9A209A7D9C00467675 /* UserDefaultsExtensions.swift */,
			);
			path = Extensions;
			sourceTree = "<group>";
		};
		ACF0EBA6209A7E1E00467675 /* Local Notifications */ = {
			isa = PBXGroup;
			children = (
				AC7A4E331F51F74700E8F438 /* JokeNotificationService.swift */,
				AC1C1138203F191E00D2370B /* JokeNotificationGenerator.swift */,
				AC2579B020461AAA00C1D904 /* DateUtil.swift */,
			);
			path = "Local Notifications";
			sourceTree = "<group>";
		};
		ACF0EBA7209A7E6400467675 /* Storage */ = {
			isa = PBXGroup;
			children = (
				ACECF0A41F60A88F0072367C /* jokesDB.db */,
				AC05CBD720F0F041009A7A82 /* Services */,
				AC05CBD820F0F04B009A7A82 /* Model */,
				ACF0EBA8209A7E7300467675 /* Queries */,
			);
			path = Storage;
			sourceTree = "<group>";
		};
		ACF0EBA8209A7E7300467675 /* Queries */ = {
			isa = PBXGroup;
			children = (
				AC976E862049B41C00B9C611 /* JokesTableQueries.swift */,
				AC976E882049B48B00B9C611 /* SchedulesTableQueries.swift */,
				AC29785620CC807100A49689 /* Migration Scripts */,
			);
			path = Queries;
			sourceTree = "<group>";
		};
		ACF0EBAA209A7E9E00467675 /* Model */ = {
			isa = PBXGroup;
			children = (
				ACECF0A61F60AC230072367C /* Joke.swift */,
				AC05CBD520F0F019009A7A82 /* Schedule.swift */,
			);
			path = Model;
			sourceTree = "<group>";
		};
		ACF0EBAB209A7F2100467675 /* App Flow */ = {
			isa = PBXGroup;
			children = (
				ACF0EBAC209A7F3300467675 /* Joke */,
				ACF0EBAD209A7F3B00467675 /* Settings */,
			);
			path = "App Flow";
			sourceTree = "<group>";
		};
		ACF0EBAC209A7F3300467675 /* Joke */ = {
			isa = PBXGroup;
			children = (
				AC05CBD920F0F0E8009A7A82 /* UI */,
				ACEEA9641F1E5FA600BCF905 /* JokeTableViewController.swift */,
				AC08EEDF1F757BCD000E5B53 /* JokeTableViewCell.swift */,
				AC08EEE11F757BEF000E5B53 /* JokeDataSource.swift */,
				ACB5A2921FE7FFA4006DD51E /* JokeReaderViewController.swift */,
			);
			path = Joke;
			sourceTree = "<group>";
		};
		ACF0EBAD209A7F3B00467675 /* Settings */ = {
			isa = PBXGroup;
			children = (
				AC05CBDA20F0F0F2009A7A82 /* UI */,
				ACE906B21F22A27200A6A082 /* SettingsViewController.swift */,
				AC88F9E71F2BEA8600ACD4B5 /* PeriodicityViewController.swift */,
				AC1BAF0F2059D6740047E376 /* RecurrenceViewController.swift */,
				AC88F9EB1F2BEB2A00ACD4B5 /* TimeRangeViewController.swift */,
			);
			path = Settings;
			sourceTree = "<group>";
		};
/* End PBXGroup section */

/* Begin PBXNativeTarget section */
		ACEEA95E1F1E5FA600BCF905 /* BadJokes */ = {
			isa = PBXNativeTarget;
			buildConfigurationList = ACEEA9711F1E5FA600BCF905 /* Build configuration list for PBXNativeTarget "BadJokes" */;
			buildPhases = (
				B426F3D7A85DBD9B39CEA4B1 /* [CP] Check Pods Manifest.lock */,
				ACEEA95B1F1E5FA600BCF905 /* Sources */,
				ACEEA95C1F1E5FA600BCF905 /* Frameworks */,
				ACEEA95D1F1E5FA600BCF905 /* Resources */,
				1E278F0BEBA5BB362B974E2B /* [CP] Embed Pods Frameworks */,
				AC2579A82042CB4300C1D904 /* SwiftLint */,
			);
			buildRules = (
			);
			dependencies = (
			);
			name = BadJokes;
			productName = BadJokes;
			productReference = ACEEA95F1F1E5FA600BCF905 /* BadJokes.app */;
			productType = "com.apple.product-type.application";
		};
/* End PBXNativeTarget section */

/* Begin PBXProject section */
		ACEEA9571F1E5FA600BCF905 /* Project object */ = {
			isa = PBXProject;
			attributes = {
				LastSwiftUpdateCheck = 0830;
				LastUpgradeCheck = 1300;
				ORGANIZATIONNAME = "Horváth Balázs";
				TargetAttributes = {
					ACEEA95E1F1E5FA600BCF905 = {
						CreatedOnToolsVersion = 8.3.3;
						DevelopmentTeam = UW8QF9DSWQ;
						LastSwiftMigration = 1020;
						ProvisioningStyle = Automatic;
						SystemCapabilities = {
							com.apple.BackgroundModes = {
								enabled = 0;
							};
						};
					};
				};
			};
			buildConfigurationList = ACEEA95A1F1E5FA600BCF905 /* Build configuration list for PBXProject "BadJokes" */;
			compatibilityVersion = "Xcode 13.0";
			developmentRegion = hu;
			hasScannedForEncodings = 0;
			knownRegions = (
				hu,
				Base,
			);
			mainGroup = ACEEA9561F1E5FA600BCF905;
			productRefGroup = ACEEA9601F1E5FA600BCF905 /* Products */;
			projectDirPath = "";
			projectRoot = "";
			targets = (
				ACEEA95E1F1E5FA600BCF905 /* BadJokes */,
			);
		};
/* End PBXProject section */

/* Begin PBXResourcesBuildPhase section */
		ACEEA95D1F1E5FA600BCF905 /* Resources */ = {
			isa = PBXResourcesBuildPhase;
			buildActionMask = 2147483647;
			files = (
				AC6F581C254F962200471BDA /* v1.5.sql in Resources */,
				AC4ECEF92714C3E9003A40B2 /* v1.6.sql in Resources */,
				AC674B74214401B6009F8B46 /* v1.3.sql in Resources */,
				AC05B3D722ECF51200CF2711 /* v1.4.sql in Resources */,
				AC182C052329830400CF3A4F /* README.md in Resources */,
				AC29785820CC80AF00A49689 /* v1.2.sql in Resources */,
				ACE076FB25533243007B7072 /* WarningTableHeaderView.xib in Resources */,
				ACE689C421484F8B00754221 /* v1.1-base.sql in Resources */,
				ACBCBB3B2915B1390006CB45 /* v1.7.sql in Resources */,
				ACEEA96A1F1E5FA600BCF905 /* Assets.xcassets in Resources */,
				ACBDC24C20EAD46A00CDB54F /* Settings.storyboard in Resources */,
				ACBF5CBE21961FC500DCE6CC /* LaunchScreen.storyboard in Resources */,
				ACBF5CC021961FF200DCE6CC /* Jokes.storyboard in Resources */,
				ACECF0A51F60A88F0072367C /* jokesDB.db in Resources */,
			);
			runOnlyForDeploymentPostprocessing = 0;
		};
/* End PBXResourcesBuildPhase section */

/* Begin PBXShellScriptBuildPhase section */
		1E278F0BEBA5BB362B974E2B /* [CP] Embed Pods Frameworks */ = {
			isa = PBXShellScriptBuildPhase;
			buildActionMask = 2147483647;
			files = (
			);
			inputFileListPaths = (
				"${PODS_ROOT}/Target Support Files/Pods-BadJokes/Pods-BadJokes-frameworks-${CONFIGURATION}-input-files.xcfilelist",
			);
			name = "[CP] Embed Pods Frameworks";
			outputFileListPaths = (
				"${PODS_ROOT}/Target Support Files/Pods-BadJokes/Pods-BadJokes-frameworks-${CONFIGURATION}-output-files.xcfilelist",
			);
			runOnlyForDeploymentPostprocessing = 0;
			shellPath = /bin/sh;
			shellScript = "\"${PODS_ROOT}/Target Support Files/Pods-BadJokes/Pods-BadJokes-frameworks.sh\"\n";
			showEnvVarsInLog = 0;
		};
		AC2579A82042CB4300C1D904 /* SwiftLint */ = {
			isa = PBXShellScriptBuildPhase;
			alwaysOutOfDate = 1;
			buildActionMask = 2147483647;
			files = (
			);
			inputPaths = (
			);
			name = SwiftLint;
			outputPaths = (
			);
			runOnlyForDeploymentPostprocessing = 0;
			shellPath = /bin/sh;
			shellScript = "#exit\n\n# Apple Silicon support\nif [[ `uname -m` == 'arm64' ]]; then\n  export PATH=\"$PATH:/opt/homebrew/bin\"\nfi\n\nif which swiftlint >/dev/null; then\n  swiftlint\nelse\n  echo \"warning: SwiftLint not installed, download from https://github.com/realm/SwiftLint\"\nfi\n";
		};
		B426F3D7A85DBD9B39CEA4B1 /* [CP] Check Pods Manifest.lock */ = {
			isa = PBXShellScriptBuildPhase;
			buildActionMask = 2147483647;
			files = (
			);
			inputPaths = (
				"${PODS_PODFILE_DIR_PATH}/Podfile.lock",
				"${PODS_ROOT}/Manifest.lock",
			);
			name = "[CP] Check Pods Manifest.lock";
			outputPaths = (
				"$(DERIVED_FILE_DIR)/Pods-BadJokes-checkManifestLockResult.txt",
			);
			runOnlyForDeploymentPostprocessing = 0;
			shellPath = /bin/sh;
			shellScript = "diff \"${PODS_PODFILE_DIR_PATH}/Podfile.lock\" \"${PODS_ROOT}/Manifest.lock\" > /dev/null\nif [ $? != 0 ] ; then\n    # print error to STDERR\n    echo \"error: The sandbox is not in sync with the Podfile.lock. Run 'pod install' or update your CocoaPods installation.\" >&2\n    exit 1\nfi\n# This output is used by Xcode 'outputs' to avoid re-running this script phase.\necho \"SUCCESS\" > \"${SCRIPT_OUTPUT_FILE_0}\"\n";
			showEnvVarsInLog = 0;
		};
/* End PBXShellScriptBuildPhase section */

/* Begin PBXSourcesBuildPhase section */
		ACEEA95B1F1E5FA600BCF905 /* Sources */ = {
			isa = PBXSourcesBuildPhase;
			buildActionMask = 2147483647;
			files = (
				ACF0B9312349E01D005A75A9 /* UITableViewExtensions.swift in Sources */,
				AC0AF9BD20DC66ED00A52478 /* CopyableLabel.swift in Sources */,
				ACEEA9651F1E5FA600BCF905 /* JokeTableViewController.swift in Sources */,
				AC5A31D1255355E300639EB5 /* UIStoryboardExtensions.swift in Sources */,
				ACDC5C432555EC62005E86CB /* UIViewExtensions.swift in Sources */,
				ACB5A2931FE7FFA4006DD51E /* JokeReaderViewController.swift in Sources */,
				AC96B6AE2555D98E0083CD47 /* WaitingForFirstJokeDetailViewController.swift in Sources */,
				AC7A4E341F51F74700E8F438 /* JokeNotificationService.swift in Sources */,
				ACE076E32551FBE4007B7072 /* WaitingForFirstJokeViewController.swift in Sources */,
				AC976E892049B48B00B9C611 /* SchedulesTableQueries.swift in Sources */,
				ACF0EBA3209A7DF300467675 /* DateExtensions.swift in Sources */,
				AC128336204B5F1600FCC19E /* TimePart.swift in Sources */,
				ACBDC24A20EAD26300CDB54F /* UIColorExtensions.swift in Sources */,
				AC237A0621EB4E25004EEC2C /* StoreReviewRule.swift in Sources */,
				AC88F9EC1F2BEB2A00ACD4B5 /* TimeRangeViewController.swift in Sources */,
				AC0AF9BF20E1769C00A52478 /* DBModel.swift in Sources */,
				ACF0EBA5209A7E0800467675 /* DateComponentExtensions.swift in Sources */,
				AC07F8A922ED0FCB00399934 /* UIApplicationExtensions.swift in Sources */,
				AC1C1139203F191E00D2370B /* JokeNotificationGenerator.swift in Sources */,
				ACD7E85D20C8763F00A8F105 /* AppUpdateService.swift in Sources */,
				AC2579B120461AAA00C1D904 /* DateUtil.swift in Sources */,
				AC08EEE21F757BEF000E5B53 /* JokeDataSource.swift in Sources */,
				AC08EEE01F757BCD000E5B53 /* JokeTableViewCell.swift in Sources */,
				AC72CAA321E7E659005EBDED /* StoreReviewService.swift in Sources */,
				AC4C1BE923664BB500052A12 /* UIViewControllerExtension.swift in Sources */,
				ACF0EBA1209A7DDB00467675 /* TimeIntervalExtensions.swift in Sources */,
				ACE076FE2553326E007B7072 /* UINibExtensions.swift in Sources */,
				AC1BAF102059D6740047E376 /* RecurrenceViewController.swift in Sources */,
				ACEEA9631F1E5FA600BCF905 /* AppDelegate.swift in Sources */,
				AC88F9E81F2BEA8600ACD4B5 /* PeriodicityViewController.swift in Sources */,
				AC100EAC1F548A430069C0DE /* StringExtensions.swift in Sources */,
				AC05CBD620F0F019009A7A82 /* Schedule.swift in Sources */,
				AC976E872049B41C00B9C611 /* JokesTableQueries.swift in Sources */,
				AC237A0421EB4BC8004EEC2C /* StoreReviewTrigger.swift in Sources */,
				ACE906B31F22A27200A6A082 /* SettingsViewController.swift in Sources */,
				ACB7C1E81FDD6106007ED514 /* Constants.swift in Sources */,
				ACF0EB9B209A7D9C00467675 /* UserDefaultsExtensions.swift in Sources */,
				ACE076EE25520A16007B7072 /* NoJokeScheduledViewController.swift in Sources */,
				AC128334204B5D3F00FCC19E /* DatePart.swift in Sources */,
				ACACF6E91F51C93E00F501B1 /* DBService.swift in Sources */,
				ACECF0A71F60AC230072367C /* Joke.swift in Sources */,
			);
			runOnlyForDeploymentPostprocessing = 0;
		};
/* End PBXSourcesBuildPhase section */

/* Begin XCBuildConfiguration section */
		ACEEA96F1F1E5FA600BCF905 /* Debug */ = {
			isa = XCBuildConfiguration;
			buildSettings = {
				ALWAYS_SEARCH_USER_PATHS = NO;
				CLANG_ANALYZER_NONNULL = YES;
				CLANG_ANALYZER_NUMBER_OBJECT_CONVERSION = YES_AGGRESSIVE;
				CLANG_CXX_LANGUAGE_STANDARD = "gnu++0x";
				CLANG_CXX_LIBRARY = "libc++";
				CLANG_ENABLE_MODULES = YES;
				CLANG_ENABLE_OBJC_ARC = YES;
				CLANG_WARN_BLOCK_CAPTURE_AUTORELEASING = YES;
				CLANG_WARN_BOOL_CONVERSION = YES;
				CLANG_WARN_COMMA = YES;
				CLANG_WARN_CONSTANT_CONVERSION = YES;
				CLANG_WARN_DEPRECATED_OBJC_IMPLEMENTATIONS = YES;
				CLANG_WARN_DIRECT_OBJC_ISA_USAGE = YES_ERROR;
				CLANG_WARN_DOCUMENTATION_COMMENTS = YES;
				CLANG_WARN_EMPTY_BODY = YES;
				CLANG_WARN_ENUM_CONVERSION = YES;
				CLANG_WARN_INFINITE_RECURSION = YES;
				CLANG_WARN_INT_CONVERSION = YES;
				CLANG_WARN_NON_LITERAL_NULL_CONVERSION = YES;
				CLANG_WARN_OBJC_IMPLICIT_RETAIN_SELF = YES;
				CLANG_WARN_OBJC_LITERAL_CONVERSION = YES;
				CLANG_WARN_OBJC_ROOT_CLASS = YES_ERROR;
				CLANG_WARN_QUOTED_INCLUDE_IN_FRAMEWORK_HEADER = YES;
				CLANG_WARN_RANGE_LOOP_ANALYSIS = YES;
				CLANG_WARN_STRICT_PROTOTYPES = YES;
				CLANG_WARN_SUSPICIOUS_MOVE = YES;
				CLANG_WARN_UNREACHABLE_CODE = YES;
				CLANG_WARN__DUPLICATE_METHOD_MATCH = YES;
				"CODE_SIGN_IDENTITY[sdk=iphoneos*]" = "iPhone Developer";
				COPY_PHASE_STRIP = NO;
				DEBUG_INFORMATION_FORMAT = dwarf;
				ENABLE_STRICT_OBJC_MSGSEND = YES;
				ENABLE_TESTABILITY = YES;
				GCC_C_LANGUAGE_STANDARD = gnu99;
				GCC_DYNAMIC_NO_PIC = NO;
				GCC_NO_COMMON_BLOCKS = YES;
				GCC_OPTIMIZATION_LEVEL = 0;
				GCC_PREPROCESSOR_DEFINITIONS = (
					"DEBUG=1",
					"$(inherited)",
				);
				GCC_WARN_64_TO_32_BIT_CONVERSION = YES;
				GCC_WARN_ABOUT_RETURN_TYPE = YES_ERROR;
				GCC_WARN_UNDECLARED_SELECTOR = YES;
				GCC_WARN_UNINITIALIZED_AUTOS = YES_AGGRESSIVE;
				GCC_WARN_UNUSED_FUNCTION = YES;
				GCC_WARN_UNUSED_VARIABLE = YES;
				IPHONEOS_DEPLOYMENT_TARGET = 10.3;
				MTL_ENABLE_DEBUG_INFO = YES;
				ONLY_ACTIVE_ARCH = YES;
				SDKROOT = iphoneos;
				SWIFT_ACTIVE_COMPILATION_CONDITIONS = DEBUG;
				SWIFT_OPTIMIZATION_LEVEL = "-Onone";
				SWIFT_SWIFT3_OBJC_INFERENCE = Off;
			};
			name = Debug;
		};
		ACEEA9701F1E5FA600BCF905 /* Release */ = {
			isa = XCBuildConfiguration;
			buildSettings = {
				ALWAYS_SEARCH_USER_PATHS = NO;
				CLANG_ANALYZER_NONNULL = YES;
				CLANG_ANALYZER_NUMBER_OBJECT_CONVERSION = YES_AGGRESSIVE;
				CLANG_CXX_LANGUAGE_STANDARD = "gnu++0x";
				CLANG_CXX_LIBRARY = "libc++";
				CLANG_ENABLE_MODULES = YES;
				CLANG_ENABLE_OBJC_ARC = YES;
				CLANG_WARN_BLOCK_CAPTURE_AUTORELEASING = YES;
				CLANG_WARN_BOOL_CONVERSION = YES;
				CLANG_WARN_COMMA = YES;
				CLANG_WARN_CONSTANT_CONVERSION = YES;
				CLANG_WARN_DEPRECATED_OBJC_IMPLEMENTATIONS = YES;
				CLANG_WARN_DIRECT_OBJC_ISA_USAGE = YES_ERROR;
				CLANG_WARN_DOCUMENTATION_COMMENTS = YES;
				CLANG_WARN_EMPTY_BODY = YES;
				CLANG_WARN_ENUM_CONVERSION = YES;
				CLANG_WARN_INFINITE_RECURSION = YES;
				CLANG_WARN_INT_CONVERSION = YES;
				CLANG_WARN_NON_LITERAL_NULL_CONVERSION = YES;
				CLANG_WARN_OBJC_IMPLICIT_RETAIN_SELF = YES;
				CLANG_WARN_OBJC_LITERAL_CONVERSION = YES;
				CLANG_WARN_OBJC_ROOT_CLASS = YES_ERROR;
				CLANG_WARN_QUOTED_INCLUDE_IN_FRAMEWORK_HEADER = YES;
				CLANG_WARN_RANGE_LOOP_ANALYSIS = YES;
				CLANG_WARN_STRICT_PROTOTYPES = YES;
				CLANG_WARN_SUSPICIOUS_MOVE = YES;
				CLANG_WARN_UNREACHABLE_CODE = YES;
				CLANG_WARN__DUPLICATE_METHOD_MATCH = YES;
				"CODE_SIGN_IDENTITY[sdk=iphoneos*]" = "iPhone Developer";
				COPY_PHASE_STRIP = NO;
				DEBUG_INFORMATION_FORMAT = "dwarf-with-dsym";
				ENABLE_NS_ASSERTIONS = NO;
				ENABLE_STRICT_OBJC_MSGSEND = YES;
				GCC_C_LANGUAGE_STANDARD = gnu99;
				GCC_NO_COMMON_BLOCKS = YES;
				GCC_WARN_64_TO_32_BIT_CONVERSION = YES;
				GCC_WARN_ABOUT_RETURN_TYPE = YES_ERROR;
				GCC_WARN_UNDECLARED_SELECTOR = YES;
				GCC_WARN_UNINITIALIZED_AUTOS = YES_AGGRESSIVE;
				GCC_WARN_UNUSED_FUNCTION = YES;
				GCC_WARN_UNUSED_VARIABLE = YES;
				IPHONEOS_DEPLOYMENT_TARGET = 10.3;
				MTL_ENABLE_DEBUG_INFO = NO;
				SDKROOT = iphoneos;
				SWIFT_COMPILATION_MODE = wholemodule;
				SWIFT_OPTIMIZATION_LEVEL = "-O";
				SWIFT_SWIFT3_OBJC_INFERENCE = Off;
				VALIDATE_PRODUCT = YES;
			};
			name = Release;
		};
		ACEEA9721F1E5FA600BCF905 /* Debug */ = {
			isa = XCBuildConfiguration;
			baseConfigurationReference = C3ED8405DEE9AC1E96F6B644 /* Pods-BadJokes.debug.xcconfig */;
			buildSettings = {
				ASSETCATALOG_COMPILER_APPICON_NAME = AppIcon;
				CLANG_ENABLE_MODULES = YES;
				CODE_SIGN_IDENTITY = "iPhone Developer";
				"CODE_SIGN_IDENTITY[sdk=iphoneos*]" = "iPhone Developer";
				CODE_SIGN_STYLE = Automatic;
				CURRENT_PROJECT_VERSION = 2;
				DEVELOPMENT_TEAM = UW8QF9DSWQ;
				INFOPLIST_FILE = "$(SRCROOT)/BadJokes/Supporting Files/Info.plist";
				LD_RUNPATH_SEARCH_PATHS = (
					"$(inherited)",
					"@executable_path/Frameworks",
				);
				MARKETING_VERSION = 1.7;
				PRODUCT_BUNDLE_IDENTIFIER = com.balazs630.BadJokes;
				PRODUCT_NAME = "$(TARGET_NAME)";
				PROVISIONING_PROFILE = "";
				PROVISIONING_PROFILE_SPECIFIER = "";
				SWIFT_OPTIMIZATION_LEVEL = "-Onone";
				SWIFT_VERSION = 5.0;
				TARGETED_DEVICE_FAMILY = "1,2";
			};
			name = Debug;
		};
		ACEEA9731F1E5FA600BCF905 /* Release */ = {
			isa = XCBuildConfiguration;
			baseConfigurationReference = FCE01A74ADE163D939CEB1C5 /* Pods-BadJokes.release.xcconfig */;
			buildSettings = {
				ASSETCATALOG_COMPILER_APPICON_NAME = AppIcon;
				CLANG_ENABLE_MODULES = YES;
				CODE_SIGN_IDENTITY = "iPhone Developer";
				"CODE_SIGN_IDENTITY[sdk=iphoneos*]" = "iPhone Developer";
				CODE_SIGN_STYLE = Automatic;
				CURRENT_PROJECT_VERSION = 2;
				DEVELOPMENT_TEAM = UW8QF9DSWQ;
				INFOPLIST_FILE = "$(SRCROOT)/BadJokes/Supporting Files/Info.plist";
				LD_RUNPATH_SEARCH_PATHS = (
					"$(inherited)",
					"@executable_path/Frameworks",
				);
				MARKETING_VERSION = 1.7;
				PRODUCT_BUNDLE_IDENTIFIER = com.balazs630.BadJokes;
				PRODUCT_NAME = "$(TARGET_NAME)";
				PROVISIONING_PROFILE = "";
				PROVISIONING_PROFILE_SPECIFIER = "";
				SWIFT_VERSION = 5.0;
				TARGETED_DEVICE_FAMILY = "1,2";
			};
			name = Release;
		};
/* End XCBuildConfiguration section */

/* Begin XCConfigurationList section */
		ACEEA95A1F1E5FA600BCF905 /* Build configuration list for PBXProject "BadJokes" */ = {
			isa = XCConfigurationList;
			buildConfigurations = (
				ACEEA96F1F1E5FA600BCF905 /* Debug */,
				ACEEA9701F1E5FA600BCF905 /* Release */,
			);
			defaultConfigurationIsVisible = 0;
			defaultConfigurationName = Release;
		};
		ACEEA9711F1E5FA600BCF905 /* Build configuration list for PBXNativeTarget "BadJokes" */ = {
			isa = XCConfigurationList;
			buildConfigurations = (
				ACEEA9721F1E5FA600BCF905 /* Debug */,
				ACEEA9731F1E5FA600BCF905 /* Release */,
			);
			defaultConfigurationIsVisible = 0;
			defaultConfigurationName = Release;
		};
/* End XCConfigurationList section */
	};
	rootObject = ACEEA9571F1E5FA600BCF905 /* Project object */;
}
