// !$*UTF8*$!
{
	archiveVersion = 1;
	classes = {
	};
	objectVersion = 46;
	objects = {

/* Begin PBXBuildFile section */
		AC08EEE01F757BCD000E5B53 /* JokeCell.swift in Sources */ = {isa = PBXBuildFile; fileRef = AC08EEDF1F757BCD000E5B53 /* JokeCell.swift */; };
		AC08EEE21F757BEF000E5B53 /* JokesDataSource.swift in Sources */ = {isa = PBXBuildFile; fileRef = AC08EEE11F757BEF000E5B53 /* JokesDataSource.swift */; };
		AC100EAC1F548A430069C0DE /* Extensions.swift in Sources */ = {isa = PBXBuildFile; fileRef = AC100EAB1F548A430069C0DE /* Extensions.swift */; };
		AC100EAE1F5494040069C0DE /* UserDefaultsKeys.swift in Sources */ = {isa = PBXBuildFile; fileRef = AC100EAD1F5494040069C0DE /* UserDefaultsKeys.swift */; };
		AC7A4E341F51F74700E8F438 /* JokeNotificationHelper.swift in Sources */ = {isa = PBXBuildFile; fileRef = AC7A4E331F51F74700E8F438 /* JokeNotificationHelper.swift */; };
		AC88F9E81F2BEA8600ACD4B5 /* PeriodicityViewController.swift in Sources */ = {isa = PBXBuildFile; fileRef = AC88F9E71F2BEA8600ACD4B5 /* PeriodicityViewController.swift */; };
		AC88F9EA1F2BEAE300ACD4B5 /* RecurrenceViewController.swift in Sources */ = {isa = PBXBuildFile; fileRef = AC88F9E91F2BEAE300ACD4B5 /* RecurrenceViewController.swift */; };
		AC88F9EC1F2BEB2A00ACD4B5 /* TimeViewController.swift in Sources */ = {isa = PBXBuildFile; fileRef = AC88F9EB1F2BEB2A00ACD4B5 /* TimeViewController.swift */; };
		AC922C111F6346B700F52DFA /* FMDatabase.m in Sources */ = {isa = PBXBuildFile; fileRef = AC922C071F6346B700F52DFA /* FMDatabase.m */; };
		AC922C121F6346B700F52DFA /* FMDatabaseAdditions.m in Sources */ = {isa = PBXBuildFile; fileRef = AC922C091F6346B700F52DFA /* FMDatabaseAdditions.m */; };
		AC922C131F6346B700F52DFA /* FMDatabasePool.m in Sources */ = {isa = PBXBuildFile; fileRef = AC922C0B1F6346B700F52DFA /* FMDatabasePool.m */; };
		AC922C141F6346B700F52DFA /* FMDatabaseQueue.m in Sources */ = {isa = PBXBuildFile; fileRef = AC922C0D1F6346B700F52DFA /* FMDatabaseQueue.m */; };
		AC922C151F6346B700F52DFA /* FMResultSet.m in Sources */ = {isa = PBXBuildFile; fileRef = AC922C101F6346B700F52DFA /* FMResultSet.m */; };
		ACACF6E91F51C93E00F501B1 /* DBManager.swift in Sources */ = {isa = PBXBuildFile; fileRef = ACACF6E81F51C93E00F501B1 /* DBManager.swift */; };
		ACE906B31F22A27200A6A082 /* SettingsViewController.swift in Sources */ = {isa = PBXBuildFile; fileRef = ACE906B21F22A27200A6A082 /* SettingsViewController.swift */; };
		ACECF0A31F60A47E0072367C /* libsqlite3.0.tbd in Frameworks */ = {isa = PBXBuildFile; fileRef = ACECF0A21F60A47E0072367C /* libsqlite3.0.tbd */; };
		ACECF0A51F60A88F0072367C /* jokesDB.db in Resources */ = {isa = PBXBuildFile; fileRef = ACECF0A41F60A88F0072367C /* jokesDB.db */; };
		ACECF0A71F60AC230072367C /* Joke.swift in Sources */ = {isa = PBXBuildFile; fileRef = ACECF0A61F60AC230072367C /* Joke.swift */; };
		ACEEA9631F1E5FA600BCF905 /* AppDelegate.swift in Sources */ = {isa = PBXBuildFile; fileRef = ACEEA9621F1E5FA600BCF905 /* AppDelegate.swift */; };
		ACEEA9651F1E5FA600BCF905 /* JokesViewController.swift in Sources */ = {isa = PBXBuildFile; fileRef = ACEEA9641F1E5FA600BCF905 /* JokesViewController.swift */; };
		ACEEA9681F1E5FA600BCF905 /* Main.storyboard in Resources */ = {isa = PBXBuildFile; fileRef = ACEEA9661F1E5FA600BCF905 /* Main.storyboard */; };
		ACEEA96A1F1E5FA600BCF905 /* Assets.xcassets in Resources */ = {isa = PBXBuildFile; fileRef = ACEEA9691F1E5FA600BCF905 /* Assets.xcassets */; };
		ACEEA96D1F1E5FA600BCF905 /* LaunchScreen.storyboard in Resources */ = {isa = PBXBuildFile; fileRef = ACEEA96B1F1E5FA600BCF905 /* LaunchScreen.storyboard */; };
/* End PBXBuildFile section */

/* Begin PBXFileReference section */
		AC08EEDF1F757BCD000E5B53 /* JokeCell.swift */ = {isa = PBXFileReference; lastKnownFileType = sourcecode.swift; path = JokeCell.swift; sourceTree = "<group>"; };
		AC08EEE11F757BEF000E5B53 /* JokesDataSource.swift */ = {isa = PBXFileReference; lastKnownFileType = sourcecode.swift; path = JokesDataSource.swift; sourceTree = "<group>"; };
		AC100EAB1F548A430069C0DE /* Extensions.swift */ = {isa = PBXFileReference; fileEncoding = 4; lastKnownFileType = sourcecode.swift; path = Extensions.swift; sourceTree = "<group>"; };
		AC100EAD1F5494040069C0DE /* UserDefaultsKeys.swift */ = {isa = PBXFileReference; fileEncoding = 4; lastKnownFileType = sourcecode.swift; path = UserDefaultsKeys.swift; sourceTree = "<group>"; };
		AC7A4E331F51F74700E8F438 /* JokeNotificationHelper.swift */ = {isa = PBXFileReference; fileEncoding = 4; lastKnownFileType = sourcecode.swift; path = JokeNotificationHelper.swift; sourceTree = "<group>"; };
		AC88F9E71F2BEA8600ACD4B5 /* PeriodicityViewController.swift */ = {isa = PBXFileReference; fileEncoding = 4; lastKnownFileType = sourcecode.swift; path = PeriodicityViewController.swift; sourceTree = "<group>"; };
		AC88F9E91F2BEAE300ACD4B5 /* RecurrenceViewController.swift */ = {isa = PBXFileReference; fileEncoding = 4; lastKnownFileType = sourcecode.swift; path = RecurrenceViewController.swift; sourceTree = "<group>"; };
		AC88F9EB1F2BEB2A00ACD4B5 /* TimeViewController.swift */ = {isa = PBXFileReference; fileEncoding = 4; lastKnownFileType = sourcecode.swift; path = TimeViewController.swift; sourceTree = "<group>"; };
		AC922C061F6346B700F52DFA /* FMDatabase.h */ = {isa = PBXFileReference; fileEncoding = 4; lastKnownFileType = sourcecode.c.h; name = FMDatabase.h; path = FMDB/FMDatabase.h; sourceTree = "<group>"; };
		AC922C071F6346B700F52DFA /* FMDatabase.m */ = {isa = PBXFileReference; fileEncoding = 4; lastKnownFileType = sourcecode.c.objc; name = FMDatabase.m; path = FMDB/FMDatabase.m; sourceTree = "<group>"; };
		AC922C081F6346B700F52DFA /* FMDatabaseAdditions.h */ = {isa = PBXFileReference; fileEncoding = 4; lastKnownFileType = sourcecode.c.h; name = FMDatabaseAdditions.h; path = FMDB/FMDatabaseAdditions.h; sourceTree = "<group>"; };
		AC922C091F6346B700F52DFA /* FMDatabaseAdditions.m */ = {isa = PBXFileReference; fileEncoding = 4; lastKnownFileType = sourcecode.c.objc; name = FMDatabaseAdditions.m; path = FMDB/FMDatabaseAdditions.m; sourceTree = "<group>"; };
		AC922C0A1F6346B700F52DFA /* FMDatabasePool.h */ = {isa = PBXFileReference; fileEncoding = 4; lastKnownFileType = sourcecode.c.h; name = FMDatabasePool.h; path = FMDB/FMDatabasePool.h; sourceTree = "<group>"; };
		AC922C0B1F6346B700F52DFA /* FMDatabasePool.m */ = {isa = PBXFileReference; fileEncoding = 4; lastKnownFileType = sourcecode.c.objc; name = FMDatabasePool.m; path = FMDB/FMDatabasePool.m; sourceTree = "<group>"; };
		AC922C0C1F6346B700F52DFA /* FMDatabaseQueue.h */ = {isa = PBXFileReference; fileEncoding = 4; lastKnownFileType = sourcecode.c.h; name = FMDatabaseQueue.h; path = FMDB/FMDatabaseQueue.h; sourceTree = "<group>"; };
		AC922C0D1F6346B700F52DFA /* FMDatabaseQueue.m */ = {isa = PBXFileReference; fileEncoding = 4; lastKnownFileType = sourcecode.c.objc; name = FMDatabaseQueue.m; path = FMDB/FMDatabaseQueue.m; sourceTree = "<group>"; };
		AC922C0E1F6346B700F52DFA /* FMDB.h */ = {isa = PBXFileReference; fileEncoding = 4; lastKnownFileType = sourcecode.c.h; name = FMDB.h; path = FMDB/FMDB.h; sourceTree = "<group>"; };
		AC922C0F1F6346B700F52DFA /* FMResultSet.h */ = {isa = PBXFileReference; fileEncoding = 4; lastKnownFileType = sourcecode.c.h; name = FMResultSet.h; path = FMDB/FMResultSet.h; sourceTree = "<group>"; };
		AC922C101F6346B700F52DFA /* FMResultSet.m */ = {isa = PBXFileReference; fileEncoding = 4; lastKnownFileType = sourcecode.c.objc; name = FMResultSet.m; path = FMDB/FMResultSet.m; sourceTree = "<group>"; };
		ACA7D4061F60A2D20063260D /* BadJokes-Bridging-Header.h */ = {isa = PBXFileReference; fileEncoding = 4; lastKnownFileType = sourcecode.c.h; path = "BadJokes-Bridging-Header.h"; sourceTree = "<group>"; };
		ACACF6E81F51C93E00F501B1 /* DBManager.swift */ = {isa = PBXFileReference; fileEncoding = 4; lastKnownFileType = sourcecode.swift; path = DBManager.swift; sourceTree = "<group>"; };
		ACE906B21F22A27200A6A082 /* SettingsViewController.swift */ = {isa = PBXFileReference; fileEncoding = 4; lastKnownFileType = sourcecode.swift; path = SettingsViewController.swift; sourceTree = "<group>"; };
		ACECF0A21F60A47E0072367C /* libsqlite3.0.tbd */ = {isa = PBXFileReference; lastKnownFileType = "sourcecode.text-based-dylib-definition"; name = libsqlite3.0.tbd; path = usr/lib/libsqlite3.0.tbd; sourceTree = SDKROOT; };
		ACECF0A41F60A88F0072367C /* jokesDB.db */ = {isa = PBXFileReference; lastKnownFileType = file; path = jokesDB.db; sourceTree = "<group>"; };
		ACECF0A61F60AC230072367C /* Joke.swift */ = {isa = PBXFileReference; fileEncoding = 4; lastKnownFileType = sourcecode.swift; path = Joke.swift; sourceTree = "<group>"; };
		ACEEA95F1F1E5FA600BCF905 /* BadJokes.app */ = {isa = PBXFileReference; explicitFileType = wrapper.application; includeInIndex = 0; path = BadJokes.app; sourceTree = BUILT_PRODUCTS_DIR; };
		ACEEA9621F1E5FA600BCF905 /* AppDelegate.swift */ = {isa = PBXFileReference; lastKnownFileType = sourcecode.swift; path = AppDelegate.swift; sourceTree = "<group>"; };
		ACEEA9641F1E5FA600BCF905 /* JokesViewController.swift */ = {isa = PBXFileReference; lastKnownFileType = sourcecode.swift; path = JokesViewController.swift; sourceTree = "<group>"; };
		ACEEA9671F1E5FA600BCF905 /* Base */ = {isa = PBXFileReference; lastKnownFileType = file.storyboard; name = Base; path = Base.lproj/Main.storyboard; sourceTree = "<group>"; };
		ACEEA9691F1E5FA600BCF905 /* Assets.xcassets */ = {isa = PBXFileReference; lastKnownFileType = folder.assetcatalog; path = Assets.xcassets; sourceTree = "<group>"; };
		ACEEA96C1F1E5FA600BCF905 /* Base */ = {isa = PBXFileReference; lastKnownFileType = file.storyboard; name = Base; path = Base.lproj/LaunchScreen.storyboard; sourceTree = "<group>"; };
		ACEEA96E1F1E5FA600BCF905 /* Info.plist */ = {isa = PBXFileReference; lastKnownFileType = text.plist.xml; path = Info.plist; sourceTree = "<group>"; };
/* End PBXFileReference section */

/* Begin PBXFrameworksBuildPhase section */
		ACEEA95C1F1E5FA600BCF905 /* Frameworks */ = {
			isa = PBXFrameworksBuildPhase;
			buildActionMask = 2147483647;
			files = (
				ACECF0A31F60A47E0072367C /* libsqlite3.0.tbd in Frameworks */,
			);
			runOnlyForDeploymentPostprocessing = 0;
		};
/* End PBXFrameworksBuildPhase section */

/* Begin PBXGroup section */
		AC56CBA41F3093E300509EDA /* Settings Detail View Controllers */ = {
			isa = PBXGroup;
			children = (
				AC88F9E71F2BEA8600ACD4B5 /* PeriodicityViewController.swift */,
				AC88F9E91F2BEAE300ACD4B5 /* RecurrenceViewController.swift */,
				AC88F9EB1F2BEB2A00ACD4B5 /* TimeViewController.swift */,
			);
			name = "Settings Detail View Controllers";
			sourceTree = "<group>";
		};
		ACA7D4071F60A3010063260D /* FMBD */ = {
			isa = PBXGroup;
			children = (
				AC922C061F6346B700F52DFA /* FMDatabase.h */,
				AC922C071F6346B700F52DFA /* FMDatabase.m */,
				AC922C081F6346B700F52DFA /* FMDatabaseAdditions.h */,
				AC922C091F6346B700F52DFA /* FMDatabaseAdditions.m */,
				AC922C0A1F6346B700F52DFA /* FMDatabasePool.h */,
				AC922C0B1F6346B700F52DFA /* FMDatabasePool.m */,
				AC922C0C1F6346B700F52DFA /* FMDatabaseQueue.h */,
				AC922C0D1F6346B700F52DFA /* FMDatabaseQueue.m */,
				AC922C0E1F6346B700F52DFA /* FMDB.h */,
				AC922C0F1F6346B700F52DFA /* FMResultSet.h */,
				AC922C101F6346B700F52DFA /* FMResultSet.m */,
			);
			name = FMBD;
			sourceTree = "<group>";
		};
		ACECF0A11F60A47E0072367C /* Frameworks */ = {
			isa = PBXGroup;
			children = (
				ACECF0A21F60A47E0072367C /* libsqlite3.0.tbd */,
			);
			name = Frameworks;
			sourceTree = "<group>";
		};
		ACECF0A91F60AF820072367C /* ViewControllers */ = {
			isa = PBXGroup;
			children = (
				ACEEA9641F1E5FA600BCF905 /* JokesViewController.swift */,
				ACE906B21F22A27200A6A082 /* SettingsViewController.swift */,
				AC56CBA41F3093E300509EDA /* Settings Detail View Controllers */,
			);
			name = ViewControllers;
			sourceTree = "<group>";
		};
		ACECF0AA1F60AFDC0072367C /* Libraries */ = {
			isa = PBXGroup;
			children = (
				ACA7D4061F60A2D20063260D /* BadJokes-Bridging-Header.h */,
				ACA7D4071F60A3010063260D /* FMBD */,
			);
			name = Libraries;
			sourceTree = "<group>";
		};
		ACEEA9561F1E5FA600BCF905 = {
			isa = PBXGroup;
			children = (
				ACEEA9611F1E5FA600BCF905 /* BadJokes */,
				ACEEA9601F1E5FA600BCF905 /* Products */,
				ACECF0A11F60A47E0072367C /* Frameworks */,
			);
			sourceTree = "<group>";
		};
		ACEEA9601F1E5FA600BCF905 /* Products */ = {
			isa = PBXGroup;
			children = (
				ACEEA95F1F1E5FA600BCF905 /* BadJokes.app */,
			);
			name = Products;
			sourceTree = "<group>";
		};
		ACEEA9611F1E5FA600BCF905 /* BadJokes */ = {
			isa = PBXGroup;
			children = (
				ACECF0A61F60AC230072367C /* Joke.swift */,
				AC08EEDF1F757BCD000E5B53 /* JokeCell.swift */,
				AC08EEE11F757BEF000E5B53 /* JokesDataSource.swift */,
				AC7A4E331F51F74700E8F438 /* JokeNotificationHelper.swift */,
				ACACF6E81F51C93E00F501B1 /* DBManager.swift */,
				ACECF0A91F60AF820072367C /* ViewControllers */,
				ACECF0AA1F60AFDC0072367C /* Libraries */,
				AC100EAB1F548A430069C0DE /* Extensions.swift */,
				AC100EAD1F5494040069C0DE /* UserDefaultsKeys.swift */,
				ACEEA9621F1E5FA600BCF905 /* AppDelegate.swift */,
				ACEEA9661F1E5FA600BCF905 /* Main.storyboard */,
				ACEEA9691F1E5FA600BCF905 /* Assets.xcassets */,
				ACEEA96B1F1E5FA600BCF905 /* LaunchScreen.storyboard */,
				ACECF0A41F60A88F0072367C /* jokesDB.db */,
				ACEEA96E1F1E5FA600BCF905 /* Info.plist */,
			);
			path = BadJokes;
			sourceTree = "<group>";
		};
/* End PBXGroup section */

/* Begin PBXNativeTarget section */
		ACEEA95E1F1E5FA600BCF905 /* BadJokes */ = {
			isa = PBXNativeTarget;
			buildConfigurationList = ACEEA9711F1E5FA600BCF905 /* Build configuration list for PBXNativeTarget "BadJokes" */;
			buildPhases = (
				ACEEA95B1F1E5FA600BCF905 /* Sources */,
				ACEEA95C1F1E5FA600BCF905 /* Frameworks */,
				ACEEA95D1F1E5FA600BCF905 /* Resources */,
			);
			buildRules = (
			);
			dependencies = (
			);
			name = BadJokes;
			productName = BadJokes;
			productReference = ACEEA95F1F1E5FA600BCF905 /* BadJokes.app */;
			productType = "com.apple.product-type.application";
		};
/* End PBXNativeTarget section */

/* Begin PBXProject section */
		ACEEA9571F1E5FA600BCF905 /* Project object */ = {
			isa = PBXProject;
			attributes = {
				LastSwiftUpdateCheck = 0830;
				LastUpgradeCheck = 0900;
				ORGANIZATIONNAME = "Horváth Balázs";
				TargetAttributes = {
					ACEEA95E1F1E5FA600BCF905 = {
						CreatedOnToolsVersion = 8.3.3;
						DevelopmentTeam = UW8QF9DSWQ;
						LastSwiftMigration = 0900;
						ProvisioningStyle = Automatic;
					};
				};
			};
			buildConfigurationList = ACEEA95A1F1E5FA600BCF905 /* Build configuration list for PBXProject "BadJokes" */;
			compatibilityVersion = "Xcode 3.2";
			developmentRegion = English;
			hasScannedForEncodings = 0;
			knownRegions = (
				en,
				Base,
			);
			mainGroup = ACEEA9561F1E5FA600BCF905;
			productRefGroup = ACEEA9601F1E5FA600BCF905 /* Products */;
			projectDirPath = "";
			projectRoot = "";
			targets = (
				ACEEA95E1F1E5FA600BCF905 /* BadJokes */,
			);
		};
/* End PBXProject section */

/* Begin PBXResourcesBuildPhase section */
		ACEEA95D1F1E5FA600BCF905 /* Resources */ = {
			isa = PBXResourcesBuildPhase;
			buildActionMask = 2147483647;
			files = (
				ACEEA96D1F1E5FA600BCF905 /* LaunchScreen.storyboard in Resources */,
				ACEEA96A1F1E5FA600BCF905 /* Assets.xcassets in Resources */,
				ACECF0A51F60A88F0072367C /* jokesDB.db in Resources */,
				ACEEA9681F1E5FA600BCF905 /* Main.storyboard in Resources */,
			);
			runOnlyForDeploymentPostprocessing = 0;
		};
/* End PBXResourcesBuildPhase section */

/* Begin PBXSourcesBuildPhase section */
		ACEEA95B1F1E5FA600BCF905 /* Sources */ = {
			isa = PBXSourcesBuildPhase;
			buildActionMask = 2147483647;
			files = (
				ACEEA9651F1E5FA600BCF905 /* JokesViewController.swift in Sources */,
				AC7A4E341F51F74700E8F438 /* JokeNotificationHelper.swift in Sources */,
				AC100EAE1F5494040069C0DE /* UserDefaultsKeys.swift in Sources */,
				AC922C111F6346B700F52DFA /* FMDatabase.m in Sources */,
				AC88F9EC1F2BEB2A00ACD4B5 /* TimeViewController.swift in Sources */,
				AC08EEE21F757BEF000E5B53 /* JokesDataSource.swift in Sources */,
				AC922C141F6346B700F52DFA /* FMDatabaseQueue.m in Sources */,
				AC922C151F6346B700F52DFA /* FMResultSet.m in Sources */,
				AC08EEE01F757BCD000E5B53 /* JokeCell.swift in Sources */,
				ACEEA9631F1E5FA600BCF905 /* AppDelegate.swift in Sources */,
				AC88F9E81F2BEA8600ACD4B5 /* PeriodicityViewController.swift in Sources */,
				AC100EAC1F548A430069C0DE /* Extensions.swift in Sources */,
				AC922C121F6346B700F52DFA /* FMDatabaseAdditions.m in Sources */,
				AC88F9EA1F2BEAE300ACD4B5 /* RecurrenceViewController.swift in Sources */,
				ACE906B31F22A27200A6A082 /* SettingsViewController.swift in Sources */,
				AC922C131F6346B700F52DFA /* FMDatabasePool.m in Sources */,
				ACACF6E91F51C93E00F501B1 /* DBManager.swift in Sources */,
				ACECF0A71F60AC230072367C /* Joke.swift in Sources */,
			);
			runOnlyForDeploymentPostprocessing = 0;
		};
/* End PBXSourcesBuildPhase section */

/* Begin PBXVariantGroup section */
		ACEEA9661F1E5FA600BCF905 /* Main.storyboard */ = {
			isa = PBXVariantGroup;
			children = (
				ACEEA9671F1E5FA600BCF905 /* Base */,
			);
			name = Main.storyboard;
			sourceTree = "<group>";
		};
		ACEEA96B1F1E5FA600BCF905 /* LaunchScreen.storyboard */ = {
			isa = PBXVariantGroup;
			children = (
				ACEEA96C1F1E5FA600BCF905 /* Base */,
			);
			name = LaunchScreen.storyboard;
			sourceTree = "<group>";
		};
/* End PBXVariantGroup section */

/* Begin XCBuildConfiguration section */
		ACEEA96F1F1E5FA600BCF905 /* Debug */ = {
			isa = XCBuildConfiguration;
			buildSettings = {
				ALWAYS_SEARCH_USER_PATHS = NO;
				CLANG_ANALYZER_NONNULL = YES;
				CLANG_ANALYZER_NUMBER_OBJECT_CONVERSION = YES_AGGRESSIVE;
				CLANG_CXX_LANGUAGE_STANDARD = "gnu++0x";
				CLANG_CXX_LIBRARY = "libc++";
				CLANG_ENABLE_MODULES = YES;
				CLANG_ENABLE_OBJC_ARC = YES;
				CLANG_WARN_BLOCK_CAPTURE_AUTORELEASING = YES;
				CLANG_WARN_BOOL_CONVERSION = YES;
				CLANG_WARN_COMMA = YES;
				CLANG_WARN_CONSTANT_CONVERSION = YES;
				CLANG_WARN_DIRECT_OBJC_ISA_USAGE = YES_ERROR;
				CLANG_WARN_DOCUMENTATION_COMMENTS = YES;
				CLANG_WARN_EMPTY_BODY = YES;
				CLANG_WARN_ENUM_CONVERSION = YES;
				CLANG_WARN_INFINITE_RECURSION = YES;
				CLANG_WARN_INT_CONVERSION = YES;
				CLANG_WARN_NON_LITERAL_NULL_CONVERSION = YES;
				CLANG_WARN_OBJC_LITERAL_CONVERSION = YES;
				CLANG_WARN_OBJC_ROOT_CLASS = YES_ERROR;
				CLANG_WARN_RANGE_LOOP_ANALYSIS = YES;
				CLANG_WARN_STRICT_PROTOTYPES = YES;
				CLANG_WARN_SUSPICIOUS_MOVE = YES;
				CLANG_WARN_UNREACHABLE_CODE = YES;
				CLANG_WARN__DUPLICATE_METHOD_MATCH = YES;
				"CODE_SIGN_IDENTITY[sdk=iphoneos*]" = "iPhone Developer";
				COPY_PHASE_STRIP = NO;
				DEBUG_INFORMATION_FORMAT = dwarf;
				ENABLE_BITCODE = YES;
				ENABLE_STRICT_OBJC_MSGSEND = YES;
				ENABLE_TESTABILITY = YES;
				GCC_C_LANGUAGE_STANDARD = gnu99;
				GCC_DYNAMIC_NO_PIC = NO;
				GCC_NO_COMMON_BLOCKS = YES;
				GCC_OPTIMIZATION_LEVEL = 0;
				GCC_PREPROCESSOR_DEFINITIONS = (
					"DEBUG=1",
					"$(inherited)",
				);
				GCC_WARN_64_TO_32_BIT_CONVERSION = YES;
				GCC_WARN_ABOUT_RETURN_TYPE = YES_ERROR;
				GCC_WARN_UNDECLARED_SELECTOR = YES;
				GCC_WARN_UNINITIALIZED_AUTOS = YES_AGGRESSIVE;
				GCC_WARN_UNUSED_FUNCTION = YES;
				GCC_WARN_UNUSED_VARIABLE = YES;
				IPHONEOS_DEPLOYMENT_TARGET = 10.3;
				MTL_ENABLE_DEBUG_INFO = YES;
				ONLY_ACTIVE_ARCH = YES;
				SDKROOT = iphoneos;
				SWIFT_ACTIVE_COMPILATION_CONDITIONS = DEBUG;
				SWIFT_OPTIMIZATION_LEVEL = "-Onone";
				SWIFT_SWIFT3_OBJC_INFERENCE = Off;
			};
			name = Debug;
		};
		ACEEA9701F1E5FA600BCF905 /* Release */ = {
			isa = XCBuildConfiguration;
			buildSettings = {
				ALWAYS_SEARCH_USER_PATHS = NO;
				CLANG_ANALYZER_NONNULL = YES;
				CLANG_ANALYZER_NUMBER_OBJECT_CONVERSION = YES_AGGRESSIVE;
				CLANG_CXX_LANGUAGE_STANDARD = "gnu++0x";
				CLANG_CXX_LIBRARY = "libc++";
				CLANG_ENABLE_MODULES = YES;
				CLANG_ENABLE_OBJC_ARC = YES;
				CLANG_WARN_BLOCK_CAPTURE_AUTORELEASING = YES;
				CLANG_WARN_BOOL_CONVERSION = YES;
				CLANG_WARN_COMMA = YES;
				CLANG_WARN_CONSTANT_CONVERSION = YES;
				CLANG_WARN_DIRECT_OBJC_ISA_USAGE = YES_ERROR;
				CLANG_WARN_DOCUMENTATION_COMMENTS = YES;
				CLANG_WARN_EMPTY_BODY = YES;
				CLANG_WARN_ENUM_CONVERSION = YES;
				CLANG_WARN_INFINITE_RECURSION = YES;
				CLANG_WARN_INT_CONVERSION = YES;
				CLANG_WARN_NON_LITERAL_NULL_CONVERSION = YES;
				CLANG_WARN_OBJC_LITERAL_CONVERSION = YES;
				CLANG_WARN_OBJC_ROOT_CLASS = YES_ERROR;
				CLANG_WARN_RANGE_LOOP_ANALYSIS = YES;
				CLANG_WARN_STRICT_PROTOTYPES = YES;
				CLANG_WARN_SUSPICIOUS_MOVE = YES;
				CLANG_WARN_UNREACHABLE_CODE = YES;
				CLANG_WARN__DUPLICATE_METHOD_MATCH = YES;
				"CODE_SIGN_IDENTITY[sdk=iphoneos*]" = "iPhone Developer";
				COPY_PHASE_STRIP = NO;
				DEBUG_INFORMATION_FORMAT = "dwarf-with-dsym";
				ENABLE_BITCODE = YES;
				ENABLE_NS_ASSERTIONS = NO;
				ENABLE_STRICT_OBJC_MSGSEND = YES;
				GCC_C_LANGUAGE_STANDARD = gnu99;
				GCC_NO_COMMON_BLOCKS = YES;
				GCC_WARN_64_TO_32_BIT_CONVERSION = YES;
				GCC_WARN_ABOUT_RETURN_TYPE = YES_ERROR;
				GCC_WARN_UNDECLARED_SELECTOR = YES;
				GCC_WARN_UNINITIALIZED_AUTOS = YES_AGGRESSIVE;
				GCC_WARN_UNUSED_FUNCTION = YES;
				GCC_WARN_UNUSED_VARIABLE = YES;
				IPHONEOS_DEPLOYMENT_TARGET = 10.3;
				MTL_ENABLE_DEBUG_INFO = NO;
				SDKROOT = iphoneos;
				SWIFT_OPTIMIZATION_LEVEL = "-Owholemodule";
				SWIFT_SWIFT3_OBJC_INFERENCE = Off;
				VALIDATE_PRODUCT = YES;
			};
			name = Release;
		};
		ACEEA9721F1E5FA600BCF905 /* Debug */ = {
			isa = XCBuildConfiguration;
			buildSettings = {
				ASSETCATALOG_COMPILER_APPICON_NAME = AppIcon;
				CLANG_ENABLE_MODULES = YES;
				DEVELOPMENT_TEAM = UW8QF9DSWQ;
				ENABLE_BITCODE = YES;
				INFOPLIST_FILE = BadJokes/Info.plist;
				LD_RUNPATH_SEARCH_PATHS = "$(inherited) @executable_path/Frameworks";
				PRODUCT_BUNDLE_IDENTIFIER = balazs630.BadJokes;
				PRODUCT_NAME = "$(TARGET_NAME)";
				SWIFT_OBJC_BRIDGING_HEADER = "BadJokes/BadJokes-Bridging-Header.h";
				SWIFT_OPTIMIZATION_LEVEL = "-Onone";
				SWIFT_SWIFT3_OBJC_INFERENCE = Off;
				SWIFT_VERSION = 4.0;
			};
			name = Debug;
		};
		ACEEA9731F1E5FA600BCF905 /* Release */ = {
			isa = XCBuildConfiguration;
			buildSettings = {
				ASSETCATALOG_COMPILER_APPICON_NAME = AppIcon;
				CLANG_ENABLE_MODULES = YES;
				DEVELOPMENT_TEAM = UW8QF9DSWQ;
				ENABLE_BITCODE = YES;
				INFOPLIST_FILE = BadJokes/Info.plist;
				LD_RUNPATH_SEARCH_PATHS = "$(inherited) @executable_path/Frameworks";
				PRODUCT_BUNDLE_IDENTIFIER = balazs630.BadJokes;
				PRODUCT_NAME = "$(TARGET_NAME)";
				SWIFT_OBJC_BRIDGING_HEADER = "BadJokes/BadJokes-Bridging-Header.h";
				SWIFT_SWIFT3_OBJC_INFERENCE = Off;
				SWIFT_VERSION = 4.0;
			};
			name = Release;
		};
/* End XCBuildConfiguration section */

/* Begin XCConfigurationList section */
		ACEEA95A1F1E5FA600BCF905 /* Build configuration list for PBXProject "BadJokes" */ = {
			isa = XCConfigurationList;
			buildConfigurations = (
				ACEEA96F1F1E5FA600BCF905 /* Debug */,
				ACEEA9701F1E5FA600BCF905 /* Release */,
			);
			defaultConfigurationIsVisible = 0;
			defaultConfigurationName = Release;
		};
		ACEEA9711F1E5FA600BCF905 /* Build configuration list for PBXNativeTarget "BadJokes" */ = {
			isa = XCConfigurationList;
			buildConfigurations = (
				ACEEA9721F1E5FA600BCF905 /* Debug */,
				ACEEA9731F1E5FA600BCF905 /* Release */,
			);
			defaultConfigurationIsVisible = 0;
			defaultConfigurationName = Release;
		};
/* End XCConfigurationList section */
	};
	rootObject = ACEEA9571F1E5FA600BCF905 /* Project object */;
}
